// !$*UTF8*$!
{
	archiveVersion = 1;
	classes = {
	};
	objectVersion = 56;
	objects = {

/* Begin PBXBuildFile section */
		054787612AF7992100823463 /* AppDelegate.swift in Sources */ = {isa = PBXBuildFile; fileRef = 054787602AF7992100823463 /* AppDelegate.swift */; };
		054787632AF7992100823463 /* SceneDelegate.swift in Sources */ = {isa = PBXBuildFile; fileRef = 054787622AF7992100823463 /* SceneDelegate.swift */; };
		054787652AF7992100823463 /* ViewController.swift in Sources */ = {isa = PBXBuildFile; fileRef = 054787642AF7992100823463 /* ViewController.swift */; };
		0547876A2AF7992300823463 /* Assets.xcassets in Resources */ = {isa = PBXBuildFile; fileRef = 054787692AF7992300823463 /* Assets.xcassets */; };
		0547876D2AF7992300823463 /* LaunchScreen.storyboard in Resources */ = {isa = PBXBuildFile; fileRef = 0547876B2AF7992300823463 /* LaunchScreen.storyboard */; };
		0547877E2AF79DEC00823463 /* SUITE-Bold.otf in Resources */ = {isa = PBXBuildFile; fileRef = 0547877A2AF79DEB00823463 /* SUITE-Bold.otf */; };
		0547877F2AF79DEC00823463 /* SUITE-ExtraBold.otf in Resources */ = {isa = PBXBuildFile; fileRef = 0547877B2AF79DEC00823463 /* SUITE-ExtraBold.otf */; };
		054787802AF79DEC00823463 /* SUITE-SemiBold.otf in Resources */ = {isa = PBXBuildFile; fileRef = 0547877C2AF79DEC00823463 /* SUITE-SemiBold.otf */; };
		054787812AF79DEC00823463 /* SUITE-Medium.otf in Resources */ = {isa = PBXBuildFile; fileRef = 0547877D2AF79DEC00823463 /* SUITE-Medium.otf */; };
/* End PBXBuildFile section */

/* Begin PBXFileReference section */
		0547875D2AF7992100823463 /* COOING.app */ = {isa = PBXFileReference; explicitFileType = wrapper.application; includeInIndex = 0; path = COOING.app; sourceTree = BUILT_PRODUCTS_DIR; };
		054787602AF7992100823463 /* AppDelegate.swift */ = {isa = PBXFileReference; lastKnownFileType = sourcecode.swift; path = AppDelegate.swift; sourceTree = "<group>"; };
		054787622AF7992100823463 /* SceneDelegate.swift */ = {isa = PBXFileReference; lastKnownFileType = sourcecode.swift; path = SceneDelegate.swift; sourceTree = "<group>"; };
		054787642AF7992100823463 /* ViewController.swift */ = {isa = PBXFileReference; lastKnownFileType = sourcecode.swift; path = ViewController.swift; sourceTree = "<group>"; };
		054787692AF7992300823463 /* Assets.xcassets */ = {isa = PBXFileReference; lastKnownFileType = folder.assetcatalog; path = Assets.xcassets; sourceTree = "<group>"; };
		0547876C2AF7992300823463 /* Base */ = {isa = PBXFileReference; lastKnownFileType = file.storyboard; name = Base; path = Base.lproj/LaunchScreen.storyboard; sourceTree = "<group>"; };
		0547876E2AF7992300823463 /* Info.plist */ = {isa = PBXFileReference; lastKnownFileType = text.plist.xml; path = Info.plist; sourceTree = "<group>"; };
		0547877A2AF79DEB00823463 /* SUITE-Bold.otf */ = {isa = PBXFileReference; lastKnownFileType = file; path = "SUITE-Bold.otf"; sourceTree = "<group>"; };
		0547877B2AF79DEC00823463 /* SUITE-ExtraBold.otf */ = {isa = PBXFileReference; lastKnownFileType = file; path = "SUITE-ExtraBold.otf"; sourceTree = "<group>"; };
		0547877C2AF79DEC00823463 /* SUITE-SemiBold.otf */ = {isa = PBXFileReference; lastKnownFileType = file; path = "SUITE-SemiBold.otf"; sourceTree = "<group>"; };
		0547877D2AF79DEC00823463 /* SUITE-Medium.otf */ = {isa = PBXFileReference; lastKnownFileType = file; path = "SUITE-Medium.otf"; sourceTree = "<group>"; };
/* End PBXFileReference section */

/* Begin PBXFrameworksBuildPhase section */
		0547875A2AF7992100823463 /* Frameworks */ = {
			isa = PBXFrameworksBuildPhase;
			buildActionMask = 2147483647;
			files = (
			);
			runOnlyForDeploymentPostprocessing = 0;
		};
/* End PBXFrameworksBuildPhase section */

/* Begin PBXGroup section */
		054787542AF7992100823463 = {
			isa = PBXGroup;
			children = (
				0547875F2AF7992100823463 /* COOING */,
				0547875E2AF7992100823463 /* Products */,
			);
			sourceTree = "<group>";
		};
		0547875E2AF7992100823463 /* Products */ = {
			isa = PBXGroup;
			children = (
				0547875D2AF7992100823463 /* COOING.app */,
			);
			name = Products;
			sourceTree = "<group>";
		};
		0547875F2AF7992100823463 /* COOING */ = {
			isa = PBXGroup;
			children = (
				054787782AF79CFF00823463 /* Data */,
				054787772AF79CF700823463 /* Resource */,
				054787762AF79CEE00823463 /* Application */,
				054787752AF79CE500823463 /* Presentation */,
				054787742AF79CD900823463 /* Global */,
				0547876E2AF7992300823463 /* Info.plist */,
			);
			path = COOING;
			sourceTree = "<group>";
		};
		054787742AF79CD900823463 /* Global */ = {
			isa = PBXGroup;
			children = (
			);
			path = Global;
			sourceTree = "<group>";
		};
		054787752AF79CE500823463 /* Presentation */ = {
			isa = PBXGroup;
			children = (
				054787862AF79F8100823463 /* History */,
				054787852AF79F0700823463 /* Report */,
				054787842AF79EFE00823463 /* MyPage */,
				054787832AF79EE500823463 /* Home */,
				054787822AF79EB800823463 /* Login */,
			);
			path = Presentation;
			sourceTree = "<group>";
		};
		054787762AF79CEE00823463 /* Application */ = {
			isa = PBXGroup;
			children = (
				054787622AF7992100823463 /* SceneDelegate.swift */,
				054787602AF7992100823463 /* AppDelegate.swift */,
			);
			path = Application;
			sourceTree = "<group>";
		};
		054787772AF79CF700823463 /* Resource */ = {
			isa = PBXGroup;
			children = (
				054787692AF7992300823463 /* Assets.xcassets */,
				0547876B2AF7992300823463 /* LaunchScreen.storyboard */,
				054787792AF79DB300823463 /* Font */,
			);
			path = Resource;
			sourceTree = "<group>";
		};
		054787782AF79CFF00823463 /* Data */ = {
			isa = PBXGroup;
			children = (
			);
			path = Data;
			sourceTree = "<group>";
		};
		054787792AF79DB300823463 /* Font */ = {
			isa = PBXGroup;
			children = (
				0547877A2AF79DEB00823463 /* SUITE-Bold.otf */,
				0547877B2AF79DEC00823463 /* SUITE-ExtraBold.otf */,
				0547877D2AF79DEC00823463 /* SUITE-Medium.otf */,
				0547877C2AF79DEC00823463 /* SUITE-SemiBold.otf */,
			);
			path = Font;
			sourceTree = "<group>";
		};
		054787822AF79EB800823463 /* Login */ = {
			isa = PBXGroup;
			children = (
			);
			path = Login;
			sourceTree = "<group>";
		};
		054787832AF79EE500823463 /* Home */ = {
			isa = PBXGroup;
			children = (
				054787882AF79FA600823463 /* ViewController */,
				054787872AF79F9F00823463 /* View */,
			);
			path = Home;
			sourceTree = "<group>";
		};
		054787842AF79EFE00823463 /* MyPage */ = {
			isa = PBXGroup;
			children = (
			);
			path = MyPage;
			sourceTree = "<group>";
		};
		054787852AF79F0700823463 /* Report */ = {
			isa = PBXGroup;
			children = (
			);
			path = Report;
			sourceTree = "<group>";
		};
		054787862AF79F8100823463 /* History */ = {
			isa = PBXGroup;
			children = (
			);
			path = History;
			sourceTree = "<group>";
		};
		054787872AF79F9F00823463 /* View */ = {
			isa = PBXGroup;
			children = (
			);
			path = View;
			sourceTree = "<group>";
		};
		054787882AF79FA600823463 /* ViewController */ = {
			isa = PBXGroup;
			children = (
				054787642AF7992100823463 /* ViewController.swift */,
			);
			path = ViewController;
			sourceTree = "<group>";
		};
/* End PBXGroup section */

/* Begin PBXNativeTarget section */
		0547875C2AF7992100823463 /* COOING */ = {
			isa = PBXNativeTarget;
			buildConfigurationList = 054787712AF7992300823463 /* Build configuration list for PBXNativeTarget "COOING" */;
			buildPhases = (
				054787592AF7992100823463 /* Sources */,
				0547875A2AF7992100823463 /* Frameworks */,
				0547875B2AF7992100823463 /* Resources */,
			);
			buildRules = (
			);
			dependencies = (
			);
			name = COOING;
			productName = COOING;
			productReference = 0547875D2AF7992100823463 /* COOING.app */;
			productType = "com.apple.product-type.application";
		};
/* End PBXNativeTarget section */

/* Begin PBXProject section */
		054787552AF7992100823463 /* Project object */ = {
			isa = PBXProject;
			attributes = {
				BuildIndependentTargetsInParallel = 1;
				LastSwiftUpdateCheck = 1430;
				LastUpgradeCheck = 1430;
				TargetAttributes = {
					0547875C2AF7992100823463 = {
						CreatedOnToolsVersion = 14.3;
					};
				};
			};
			buildConfigurationList = 054787582AF7992100823463 /* Build configuration list for PBXProject "COOING" */;
			compatibilityVersion = "Xcode 14.0";
			developmentRegion = en;
			hasScannedForEncodings = 0;
			knownRegions = (
				en,
				Base,
			);
			mainGroup = 054787542AF7992100823463;
			productRefGroup = 0547875E2AF7992100823463 /* Products */;
			projectDirPath = "";
			projectRoot = "";
			targets = (
				0547875C2AF7992100823463 /* COOING */,
			);
		};
/* End PBXProject section */

/* Begin PBXResourcesBuildPhase section */
		0547875B2AF7992100823463 /* Resources */ = {
			isa = PBXResourcesBuildPhase;
			buildActionMask = 2147483647;
			files = (
				0547876D2AF7992300823463 /* LaunchScreen.storyboard in Resources */,
				054787802AF79DEC00823463 /* SUITE-SemiBold.otf in Resources */,
				0547876A2AF7992300823463 /* Assets.xcassets in Resources */,
				054787812AF79DEC00823463 /* SUITE-Medium.otf in Resources */,
				0547877F2AF79DEC00823463 /* SUITE-ExtraBold.otf in Resources */,
				0547877E2AF79DEC00823463 /* SUITE-Bold.otf in Resources */,
			);
			runOnlyForDeploymentPostprocessing = 0;
		};
/* End PBXResourcesBuildPhase section */

/* Begin PBXSourcesBuildPhase section */
		054787592AF7992100823463 /* Sources */ = {
			isa = PBXSourcesBuildPhase;
			buildActionMask = 2147483647;
			files = (
				054787652AF7992100823463 /* ViewController.swift in Sources */,
				054787612AF7992100823463 /* AppDelegate.swift in Sources */,
				054787632AF7992100823463 /* SceneDelegate.swift in Sources */,
			);
			runOnlyForDeploymentPostprocessing = 0;
		};
/* End PBXSourcesBuildPhase section */

/* Begin PBXVariantGroup section */
		0547876B2AF7992300823463 /* LaunchScreen.storyboard */ = {
			isa = PBXVariantGroup;
			children = (
				0547876C2AF7992300823463 /* Base */,
			);
			name = LaunchScreen.storyboard;
			sourceTree = "<group>";
		};
/* End PBXVariantGroup section */

/* Begin XCBuildConfiguration section */
		0547876F2AF7992300823463 /* Debug */ = {
			isa = XCBuildConfiguration;
			buildSettings = {
				ALWAYS_SEARCH_USER_PATHS = NO;
				CLANG_ANALYZER_NONNULL = YES;
				CLANG_ANALYZER_NUMBER_OBJECT_CONVERSION = YES_AGGRESSIVE;
				CLANG_CXX_LANGUAGE_STANDARD = "gnu++20";
				CLANG_ENABLE_MODULES = YES;
				CLANG_ENABLE_OBJC_ARC = YES;
				CLANG_ENABLE_OBJC_WEAK = YES;
				CLANG_WARN_BLOCK_CAPTURE_AUTORELEASING = YES;
				CLANG_WARN_BOOL_CONVERSION = YES;
				CLANG_WARN_COMMA = YES;
				CLANG_WARN_CONSTANT_CONVERSION = YES;
				CLANG_WARN_DEPRECATED_OBJC_IMPLEMENTATIONS = YES;
				CLANG_WARN_DIRECT_OBJC_ISA_USAGE = YES_ERROR;
				CLANG_WARN_DOCUMENTATION_COMMENTS = YES;
				CLANG_WARN_EMPTY_BODY = YES;
				CLANG_WARN_ENUM_CONVERSION = YES;
				CLANG_WARN_INFINITE_RECURSION = YES;
				CLANG_WARN_INT_CONVERSION = YES;
				CLANG_WARN_NON_LITERAL_NULL_CONVERSION = YES;
				CLANG_WARN_OBJC_IMPLICIT_RETAIN_SELF = YES;
				CLANG_WARN_OBJC_LITERAL_CONVERSION = YES;
				CLANG_WARN_OBJC_ROOT_CLASS = YES_ERROR;
				CLANG_WARN_QUOTED_INCLUDE_IN_FRAMEWORK_HEADER = YES;
				CLANG_WARN_RANGE_LOOP_ANALYSIS = YES;
				CLANG_WARN_STRICT_PROTOTYPES = YES;
				CLANG_WARN_SUSPICIOUS_MOVE = YES;
				CLANG_WARN_UNGUARDED_AVAILABILITY = YES_AGGRESSIVE;
				CLANG_WARN_UNREACHABLE_CODE = YES;
				CLANG_WARN__DUPLICATE_METHOD_MATCH = YES;
				COPY_PHASE_STRIP = NO;
				DEBUG_INFORMATION_FORMAT = dwarf;
				ENABLE_STRICT_OBJC_MSGSEND = YES;
				ENABLE_TESTABILITY = YES;
				GCC_C_LANGUAGE_STANDARD = gnu11;
				GCC_DYNAMIC_NO_PIC = NO;
				GCC_NO_COMMON_BLOCKS = YES;
				GCC_OPTIMIZATION_LEVEL = 0;
				GCC_PREPROCESSOR_DEFINITIONS = (
					"DEBUG=1",
					"$(inherited)",
				);
				GCC_WARN_64_TO_32_BIT_CONVERSION = YES;
				GCC_WARN_ABOUT_RETURN_TYPE = YES_ERROR;
				GCC_WARN_UNDECLARED_SELECTOR = YES;
				GCC_WARN_UNINITIALIZED_AUTOS = YES_AGGRESSIVE;
				GCC_WARN_UNUSED_FUNCTION = YES;
				GCC_WARN_UNUSED_VARIABLE = YES;
				IPHONEOS_DEPLOYMENT_TARGET = 16.4;
				MTL_ENABLE_DEBUG_INFO = INCLUDE_SOURCE;
				MTL_FAST_MATH = YES;
				ONLY_ACTIVE_ARCH = YES;
				SDKROOT = iphoneos;
				SWIFT_ACTIVE_COMPILATION_CONDITIONS = DEBUG;
				SWIFT_OPTIMIZATION_LEVEL = "-Onone";
			};
			name = Debug;
		};
		054787702AF7992300823463 /* Release */ = {
			isa = XCBuildConfiguration;
			buildSettings = {
				ALWAYS_SEARCH_USER_PATHS = NO;
				CLANG_ANALYZER_NONNULL = YES;
				CLANG_ANALYZER_NUMBER_OBJECT_CONVERSION = YES_AGGRESSIVE;
				CLANG_CXX_LANGUAGE_STANDARD = "gnu++20";
				CLANG_ENABLE_MODULES = YES;
				CLANG_ENABLE_OBJC_ARC = YES;
				CLANG_ENABLE_OBJC_WEAK = YES;
				CLANG_WARN_BLOCK_CAPTURE_AUTORELEASING = YES;
				CLANG_WARN_BOOL_CONVERSION = YES;
				CLANG_WARN_COMMA = YES;
				CLANG_WARN_CONSTANT_CONVERSION = YES;
				CLANG_WARN_DEPRECATED_OBJC_IMPLEMENTATIONS = YES;
				CLANG_WARN_DIRECT_OBJC_ISA_USAGE = YES_ERROR;
				CLANG_WARN_DOCUMENTATION_COMMENTS = YES;
				CLANG_WARN_EMPTY_BODY = YES;
				CLANG_WARN_ENUM_CONVERSION = YES;
				CLANG_WARN_INFINITE_RECURSION = YES;
				CLANG_WARN_INT_CONVERSION = YES;
				CLANG_WARN_NON_LITERAL_NULL_CONVERSION = YES;
				CLANG_WARN_OBJC_IMPLICIT_RETAIN_SELF = YES;
				CLANG_WARN_OBJC_LITERAL_CONVERSION = YES;
				CLANG_WARN_OBJC_ROOT_CLASS = YES_ERROR;
				CLANG_WARN_QUOTED_INCLUDE_IN_FRAMEWORK_HEADER = YES;
				CLANG_WARN_RANGE_LOOP_ANALYSIS = YES;
				CLANG_WARN_STRICT_PROTOTYPES = YES;
				CLANG_WARN_SUSPICIOUS_MOVE = YES;
				CLANG_WARN_UNGUARDED_AVAILABILITY = YES_AGGRESSIVE;
				CLANG_WARN_UNREACHABLE_CODE = YES;
				CLANG_WARN__DUPLICATE_METHOD_MATCH = YES;
				COPY_PHASE_STRIP = NO;
				DEBUG_INFORMATION_FORMAT = "dwarf-with-dsym";
				ENABLE_NS_ASSERTIONS = NO;
				ENABLE_STRICT_OBJC_MSGSEND = YES;
				GCC_C_LANGUAGE_STANDARD = gnu11;
				GCC_NO_COMMON_BLOCKS = YES;
				GCC_WARN_64_TO_32_BIT_CONVERSION = YES;
				GCC_WARN_ABOUT_RETURN_TYPE = YES_ERROR;
				GCC_WARN_UNDECLARED_SELECTOR = YES;
				GCC_WARN_UNINITIALIZED_AUTOS = YES_AGGRESSIVE;
				GCC_WARN_UNUSED_FUNCTION = YES;
				GCC_WARN_UNUSED_VARIABLE = YES;
				IPHONEOS_DEPLOYMENT_TARGET = 16.4;
				MTL_ENABLE_DEBUG_INFO = NO;
				MTL_FAST_MATH = YES;
				SDKROOT = iphoneos;
				SWIFT_COMPILATION_MODE = wholemodule;
				SWIFT_OPTIMIZATION_LEVEL = "-O";
				VALIDATE_PRODUCT = YES;
			};
			name = Release;
		};
		054787722AF7992300823463 /* Debug */ = {
			isa = XCBuildConfiguration;
			buildSettings = {
				ASSETCATALOG_COMPILER_APPICON_NAME = AppIcon;
				ASSETCATALOG_COMPILER_GLOBAL_ACCENT_COLOR_NAME = AccentColor;
				CODE_SIGN_STYLE = Automatic;
				CURRENT_PROJECT_VERSION = 1;
				GENERATE_INFOPLIST_FILE = YES;
				INFOPLIST_FILE = COOING/Info.plist;
				INFOPLIST_KEY_UIApplicationSupportsIndirectInputEvents = YES;
				INFOPLIST_KEY_UILaunchStoryboardName = LaunchScreen;
				INFOPLIST_KEY_UISupportedInterfaceOrientations_iPad = "UIInterfaceOrientationPortrait UIInterfaceOrientationPortraitUpsideDown UIInterfaceOrientationLandscapeLeft UIInterfaceOrientationLandscapeRight";
				INFOPLIST_KEY_UISupportedInterfaceOrientations_iPhone = "UIInterfaceOrientationPortrait UIInterfaceOrientationLandscapeLeft UIInterfaceOrientationLandscapeRight";
				LD_RUNPATH_SEARCH_PATHS = (
					"$(inherited)",
					"@executable_path/Frameworks",
				);
				MARKETING_VERSION = 1.0;
				PRODUCT_BUNDLE_IDENTIFIER = com.YUNBINN.COOING;
				PRODUCT_NAME = "$(TARGET_NAME)";
				SWIFT_EMIT_LOC_STRINGS = YES;
				SWIFT_VERSION = 5.0;
				TARGETED_DEVICE_FAMILY = "1,2";
			};
			name = Debug;
		};
		054787732AF7992300823463 /* Release */ = {
			isa = XCBuildConfiguration;
			buildSettings = {
				ASSETCATALOG_COMPILER_APPICON_NAME = AppIcon;
				ASSETCATALOG_COMPILER_GLOBAL_ACCENT_COLOR_NAME = AccentColor;
				CODE_SIGN_STYLE = Automatic;
				CURRENT_PROJECT_VERSION = 1;
				GENERATE_INFOPLIST_FILE = YES;
				INFOPLIST_FILE = COOING/Info.plist;
				INFOPLIST_KEY_UIApplicationSupportsIndirectInputEvents = YES;
				INFOPLIST_KEY_UILaunchStoryboardName = LaunchScreen;
				INFOPLIST_KEY_UISupportedInterfaceOrientations_iPad = "UIInterfaceOrientationPortrait UIInterfaceOrientationPortraitUpsideDown UIInterfaceOrientationLandscapeLeft UIInterfaceOrientationLandscapeRight";
				INFOPLIST_KEY_UISupportedInterfaceOrientations_iPhone = "UIInterfaceOrientationPortrait UIInterfaceOrientationLandscapeLeft UIInterfaceOrientationLandscapeRight";
				LD_RUNPATH_SEARCH_PATHS = (
					"$(inherited)",
					"@executable_path/Frameworks",
				);
				MARKETING_VERSION = 1.0;
				PRODUCT_BUNDLE_IDENTIFIER = com.YUNBINN.COOING;
				PRODUCT_NAME = "$(TARGET_NAME)";
				SWIFT_EMIT_LOC_STRINGS = YES;
				SWIFT_VERSION = 5.0;
				TARGETED_DEVICE_FAMILY = "1,2";
			};
			name = Release;
		};
/* End XCBuildConfiguration section */

/* Begin XCConfigurationList section */
		054787582AF7992100823463 /* Build configuration list for PBXProject "COOING" */ = {
			isa = XCConfigurationList;
			buildConfigurations = (
				0547876F2AF7992300823463 /* Debug */,
				054787702AF7992300823463 /* Release */,
			);
			defaultConfigurationIsVisible = 0;
			defaultConfigurationName = Release;
		};
		054787712AF7992300823463 /* Build configuration list for PBXNativeTarget "COOING" */ = {
			isa = XCConfigurationList;
			buildConfigurations = (
				054787722AF7992300823463 /* Debug */,
				054787732AF7992300823463 /* Release */,
			);
			defaultConfigurationIsVisible = 0;
			defaultConfigurationName = Release;
		};
/* End XCConfigurationList section */
	};
	rootObject = 054787552AF7992100823463 /* Project object */;
}
