// !$*UTF8*$!
{
	archiveVersion = 1;
	classes = {
	};
	objectVersion = 56;
	objects = {

/* Begin PBXBuildFile section */
		054787612AF7992100823463 /* AppDelegate.swift in Sources */ = {isa = PBXBuildFile; fileRef = 054787602AF7992100823463 /* AppDelegate.swift */; };
		054787632AF7992100823463 /* SceneDelegate.swift in Sources */ = {isa = PBXBuildFile; fileRef = 054787622AF7992100823463 /* SceneDelegate.swift */; };
		054787652AF7992100823463 /* HomeViewController.swift in Sources */ = {isa = PBXBuildFile; fileRef = 054787642AF7992100823463 /* HomeViewController.swift */; };
		0547876A2AF7992300823463 /* Assets.xcassets in Resources */ = {isa = PBXBuildFile; fileRef = 054787692AF7992300823463 /* Assets.xcassets */; };
		0547876D2AF7992300823463 /* LaunchScreen.storyboard in Resources */ = {isa = PBXBuildFile; fileRef = 0547876B2AF7992300823463 /* LaunchScreen.storyboard */; };
		0547878E2AF7ACA200823463 /* BaseViewController.swift in Sources */ = {isa = PBXBuildFile; fileRef = 0547878D2AF7ACA200823463 /* BaseViewController.swift */; };
		054787922AF7ACBA00823463 /* BaseView.swift in Sources */ = {isa = PBXBuildFile; fileRef = 054787912AF7ACBA00823463 /* BaseView.swift */; };
		054787942AF7ACD400823463 /* UIView+.swift in Sources */ = {isa = PBXBuildFile; fileRef = 054787932AF7ACD400823463 /* UIView+.swift */; };
		054787962AF7ACE700823463 /* UIStackView+.swift in Sources */ = {isa = PBXBuildFile; fileRef = 054787952AF7ACE700823463 /* UIStackView+.swift */; };
		054787982AF7AD8D00823463 /* SUITE-Bold.otf in Resources */ = {isa = PBXBuildFile; fileRef = 054787972AF7AD8D00823463 /* SUITE-Bold.otf */; };
		0547879A2AF7AD9800823463 /* SUITE-ExtraBold.otf in Resources */ = {isa = PBXBuildFile; fileRef = 054787992AF7AD9800823463 /* SUITE-ExtraBold.otf */; };
		0547879D2AF7ADAC00823463 /* SUITE-Medium.otf in Resources */ = {isa = PBXBuildFile; fileRef = 0547879B2AF7ADAC00823463 /* SUITE-Medium.otf */; };
		0547879E2AF7ADAC00823463 /* SUITE-SemiBold.otf in Resources */ = {isa = PBXBuildFile; fileRef = 0547879C2AF7ADAC00823463 /* SUITE-SemiBold.otf */; };
		054787A02AF7AE2F00823463 /* Font.swift in Sources */ = {isa = PBXBuildFile; fileRef = 0547879F2AF7AE2F00823463 /* Font.swift */; };
		054787A22AF7AE6F00823463 /* UIFont+.swift in Sources */ = {isa = PBXBuildFile; fileRef = 054787A12AF7AE6F00823463 /* UIFont+.swift */; };
		054787A52AF7AFEA00823463 /* SnapKit in Frameworks */ = {isa = PBXBuildFile; productRef = 054787A42AF7AFEA00823463 /* SnapKit */; };
		054787A82AF7AFF600823463 /* Then in Frameworks */ = {isa = PBXBuildFile; productRef = 054787A72AF7AFF600823463 /* Then */; };
		054787AA2AF7B08100823463 /* UIColor+.swift in Sources */ = {isa = PBXBuildFile; fileRef = 054787A92AF7B08100823463 /* UIColor+.swift */; };
		054787C72AF7BE6100823463 /* MyPageViewController.swift in Sources */ = {isa = PBXBuildFile; fileRef = 054787C62AF7BE6100823463 /* MyPageViewController.swift */; };
		054787C92AF7BE7400823463 /* ReportViewController.swift in Sources */ = {isa = PBXBuildFile; fileRef = 054787C82AF7BE7400823463 /* ReportViewController.swift */; };
		054787CB2AF7BE7C00823463 /* HistoryViewController.swift in Sources */ = {isa = PBXBuildFile; fileRef = 054787CA2AF7BE7C00823463 /* HistoryViewController.swift */; };
		054787CD2AF7BEA800823463 /* CooingTabBarController.swift in Sources */ = {isa = PBXBuildFile; fileRef = 054787CC2AF7BEA800823463 /* CooingTabBarController.swift */; };
		054787CF2AF7BEB800823463 /* CALayer+.swift in Sources */ = {isa = PBXBuildFile; fileRef = 054787CE2AF7BEB800823463 /* CALayer+.swift */; };
		054787D12AF7C29800823463 /* CooingButton.swift in Sources */ = {isa = PBXBuildFile; fileRef = 054787D02AF7C29800823463 /* CooingButton.swift */; };
		054787D32AF7C2D700823463 /* UIButton+.swift in Sources */ = {isa = PBXBuildFile; fileRef = 054787D22AF7C2D700823463 /* UIButton+.swift */; };
		054787D52AF7C42500823463 /* Image.swift in Sources */ = {isa = PBXBuildFile; fileRef = 054787D42AF7C42500823463 /* Image.swift */; };
		0583D6632B19BF5A00A87981 /* ReportView.swift in Sources */ = {isa = PBXBuildFile; fileRef = 0583D6622B19BF5A00A87981 /* ReportView.swift */; };
		0583D6652B19C1A600A87981 /* ReportSummaryView.swift in Sources */ = {isa = PBXBuildFile; fileRef = 0583D6642B19C1A600A87981 /* ReportSummaryView.swift */; };
		0583D6672B19C6E400A87981 /* Adjusted+.swift in Sources */ = {isa = PBXBuildFile; fileRef = 0583D6662B19C6E400A87981 /* Adjusted+.swift */; };
		0583D6692B19C7A700A87981 /* ReportFrequentWordView.swift in Sources */ = {isa = PBXBuildFile; fileRef = 0583D6682B19C7A700A87981 /* ReportFrequentWordView.swift */; };
		0583D66B2B19C7B500A87981 /* ReportUsingWordView.swift in Sources */ = {isa = PBXBuildFile; fileRef = 0583D66A2B19C7B500A87981 /* ReportUsingWordView.swift */; };
		0583D66D2B19C9F600A87981 /* ReportSecretNoteView.swift in Sources */ = {isa = PBXBuildFile; fileRef = 0583D66C2B19C9F600A87981 /* ReportSecretNoteView.swift */; };
		0583D66F2B19F1F100A87981 /* FrequentWordViewController.swift in Sources */ = {isa = PBXBuildFile; fileRef = 0583D66E2B19F1F100A87981 /* FrequentWordViewController.swift */; };
		0583D6732B1A4A3B00A87981 /* FrequentWordView.swift in Sources */ = {isa = PBXBuildFile; fileRef = 0583D6722B1A4A3B00A87981 /* FrequentWordView.swift */; };
		0583D6752B1A4A8100A87981 /* FrequentTableViewCell.swift in Sources */ = {isa = PBXBuildFile; fileRef = 0583D6742B1A4A8100A87981 /* FrequentTableViewCell.swift */; };
		0583D6772B1A4A9B00A87981 /* FrequentWordRightView.swift in Sources */ = {isa = PBXBuildFile; fileRef = 0583D6762B1A4A9B00A87981 /* FrequentWordRightView.swift */; };
		0583D6882B1B916100A87981 /* SecretNoteViewController.swift in Sources */ = {isa = PBXBuildFile; fileRef = 0583D6872B1B916100A87981 /* SecretNoteViewController.swift */; };
		0583D68B2B1B91C000A87981 /* SecretNoteView.swift in Sources */ = {isa = PBXBuildFile; fileRef = 0583D68A2B1B91C000A87981 /* SecretNoteView.swift */; };
		0583D68D2B1B93B400A87981 /* SecretNoteTableViewCell.swift in Sources */ = {isa = PBXBuildFile; fileRef = 0583D68C2B1B93B400A87981 /* SecretNoteTableViewCell.swift */; };
		0583D6912B1BAC4700A87981 /* LevelReportViewController.swift in Sources */ = {isa = PBXBuildFile; fileRef = 0583D6902B1BAC4700A87981 /* LevelReportViewController.swift */; };
		0583D6942B1BAEBB00A87981 /* LevelReportView.swift in Sources */ = {isa = PBXBuildFile; fileRef = 0583D6932B1BAEBB00A87981 /* LevelReportView.swift */; };
		0583D6962B1BB54100A87981 /* LevelTableSectionHeaderView.swift in Sources */ = {isa = PBXBuildFile; fileRef = 0583D6952B1BB54100A87981 /* LevelTableSectionHeaderView.swift */; };
		0583D6982B1BB6B100A87981 /* LevelTableSectionFooterView.swift in Sources */ = {isa = PBXBuildFile; fileRef = 0583D6972B1BB6B100A87981 /* LevelTableSectionFooterView.swift */; };
		0583D69A2B1BB72500A87981 /* LevelTableViewCell.swift in Sources */ = {isa = PBXBuildFile; fileRef = 0583D6992B1BB72500A87981 /* LevelTableViewCell.swift */; };
		0583D69C2B1BB79600A87981 /* LevelTableViewCellRightView.swift in Sources */ = {isa = PBXBuildFile; fileRef = 0583D69B2B1BB79600A87981 /* LevelTableViewCellRightView.swift */; };
		0583D6A02B1C6BC100A87981 /* HistoryView.swift in Sources */ = {isa = PBXBuildFile; fileRef = 0583D69F2B1C6BC000A87981 /* HistoryView.swift */; };
		0583D6A22B1C704400A87981 /* HistoryTableViewCell.swift in Sources */ = {isa = PBXBuildFile; fileRef = 0583D6A12B1C704400A87981 /* HistoryTableViewCell.swift */; };
		0583D6A42B1C70D500A87981 /* HistoryRightView.swift in Sources */ = {isa = PBXBuildFile; fileRef = 0583D6A32B1C70D500A87981 /* HistoryRightView.swift */; };
		0589FB362B1CC04800D0CB7F /* UsingWordViewController.swift in Sources */ = {isa = PBXBuildFile; fileRef = 0589FB352B1CC04800D0CB7F /* UsingWordViewController.swift */; };
		0589FB382B1CC06600D0CB7F /* UsingWordView.swift in Sources */ = {isa = PBXBuildFile; fileRef = 0589FB372B1CC06600D0CB7F /* UsingWordView.swift */; };
		0589FB3B2B1CCAC800D0CB7F /* DGCharts in Frameworks */ = {isa = PBXBuildFile; productRef = 0589FB3A2B1CCAC800D0CB7F /* DGCharts */; };
		0589FB3E2B1CF6B200D0CB7F /* ReportTotalDTO.swift in Sources */ = {isa = PBXBuildFile; fileRef = 0589FB3D2B1CF6B200D0CB7F /* ReportTotalDTO.swift */; };
		0589FB402B1CF75400D0CB7F /* ReportRouter.swift in Sources */ = {isa = PBXBuildFile; fileRef = 0589FB3F2B1CF75400D0CB7F /* ReportRouter.swift */; };
		0589FB422B1CF92700D0CB7F /* UsingWordDTO.swift in Sources */ = {isa = PBXBuildFile; fileRef = 0589FB412B1CF92700D0CB7F /* UsingWordDTO.swift */; };
		0589FB442B1CFABD00D0CB7F /* SecretNoteDTO.swift in Sources */ = {isa = PBXBuildFile; fileRef = 0589FB432B1CFABD00D0CB7F /* SecretNoteDTO.swift */; };
		0589FB462B1CFC7C00D0CB7F /* SecretNoteListDTO.swift in Sources */ = {isa = PBXBuildFile; fileRef = 0589FB452B1CFC7C00D0CB7F /* SecretNoteListDTO.swift */; };
		0589FB482B1CFDDE00D0CB7F /* InfoDTO.swift in Sources */ = {isa = PBXBuildFile; fileRef = 0589FB472B1CFDDE00D0CB7F /* InfoDTO.swift */; };
		05B0BC362AF7FE510082E3EB /* HomeView.swift in Sources */ = {isa = PBXBuildFile; fileRef = 05B0BC352AF7FE510082E3EB /* HomeView.swift */; };
		05B0BC382AF8127A0082E3EB /* QuestionViewController.swift in Sources */ = {isa = PBXBuildFile; fileRef = 05B0BC372AF8127A0082E3EB /* QuestionViewController.swift */; };
		05B0BC3A2AF815800082E3EB /* QuestionView.swift in Sources */ = {isa = PBXBuildFile; fileRef = 05B0BC392AF815800082E3EB /* QuestionView.swift */; };
		7B2C75982B19C7DC00A6CE1A /* TransformRecordViewController.swift in Sources */ = {isa = PBXBuildFile; fileRef = 7B2C75972B19C7DC00A6CE1A /* TransformRecordViewController.swift */; };
		7B2C759A2B19C7ED00A6CE1A /* TransformRecordView.swift in Sources */ = {isa = PBXBuildFile; fileRef = 7B2C75992B19C7ED00A6CE1A /* TransformRecordView.swift */; };
		7B2C759C2B19E8EE00A6CE1A /* UIViewController+.swift in Sources */ = {isa = PBXBuildFile; fileRef = 7B2C759B2B19E8EE00A6CE1A /* UIViewController+.swift */; };
		7B2C759E2B19EB9400A6CE1A /* CommentViewController.swift in Sources */ = {isa = PBXBuildFile; fileRef = 7B2C759D2B19EB9400A6CE1A /* CommentViewController.swift */; };
		7B2C75A02B19EBF700A6CE1A /* CommentView.swift in Sources */ = {isa = PBXBuildFile; fileRef = 7B2C759F2B19EBF700A6CE1A /* CommentView.swift */; };
		7B3BC87B2AF894B8008EDF60 /* RecordViewController.swift in Sources */ = {isa = PBXBuildFile; fileRef = 7B3BC87A2AF894B8008EDF60 /* RecordViewController.swift */; };
		7B3BC87D2AF894C1008EDF60 /* RecordView.swift in Sources */ = {isa = PBXBuildFile; fileRef = 7B3BC87C2AF894C1008EDF60 /* RecordView.swift */; };
		7B3BC87F2AF89AFC008EDF60 /* File.swift in Sources */ = {isa = PBXBuildFile; fileRef = 7B3BC87E2AF89AFC008EDF60 /* File.swift */; };
		7B543A9C2B1C744A00F2A8FA /* LoginViewController.swift in Sources */ = {isa = PBXBuildFile; fileRef = 7B543A9B2B1C744A00F2A8FA /* LoginViewController.swift */; };
		7B543AA12B1C80DB00F2A8FA /* Moya in Frameworks */ = {isa = PBXBuildFile; productRef = 7B543AA02B1C80DB00F2A8FA /* Moya */; };
		7B543AA32B1C80DB00F2A8FA /* ReactiveMoya in Frameworks */ = {isa = PBXBuildFile; productRef = 7B543AA22B1C80DB00F2A8FA /* ReactiveMoya */; };
		7B543AA52B1C80DB00F2A8FA /* RxMoya in Frameworks */ = {isa = PBXBuildFile; productRef = 7B543AA42B1C80DB00F2A8FA /* RxMoya */; };
		7B543AA82B1C816800F2A8FA /* RealmService.swift in Sources */ = {isa = PBXBuildFile; fileRef = 7B543AA72B1C816800F2A8FA /* RealmService.swift */; };
		7B543AAB2B1C81D800F2A8FA /* Token.swift in Sources */ = {isa = PBXBuildFile; fileRef = 7B543AAA2B1C81D800F2A8FA /* Token.swift */; };
		7B700EB32B2468A200473264 /* MyPageView.swift in Sources */ = {isa = PBXBuildFile; fileRef = 7B700EB22B2468A200473264 /* MyPageView.swift */; };
		7B700EB52B25D01200473264 /* MyPageServiceCell.swift in Sources */ = {isa = PBXBuildFile; fileRef = 7B700EB42B25D01200473264 /* MyPageServiceCell.swift */; };
		7B700EB72B2647E300473264 /* MyPageModel.swift in Sources */ = {isa = PBXBuildFile; fileRef = 7B700EB62B2647E300473264 /* MyPageModel.swift */; };
		7B700EBA2B26481C00473264 /* DataTypeProtocol.swift in Sources */ = {isa = PBXBuildFile; fileRef = 7B700EB92B26481C00473264 /* DataTypeProtocol.swift */; };
		7B700EBC2B264CAA00473264 /* ProvisionViewController.swift in Sources */ = {isa = PBXBuildFile; fileRef = 7B700EBB2B264CAA00473264 /* ProvisionViewController.swift */; };
		7B700EBE2B264CC000473264 /* ProvisionView.swift in Sources */ = {isa = PBXBuildFile; fileRef = 7B700EBD2B264CC000473264 /* ProvisionView.swift */; };
		7B7DA3392B1C8DC8003E3A82 /* Config.swift in Sources */ = {isa = PBXBuildFile; fileRef = 7B7DA3382B1C8DC8003E3A82 /* Config.swift */; };
		7B7DA33C2B1C90DA003E3A82 /* MoyaLoggerPlugin.swift in Sources */ = {isa = PBXBuildFile; fileRef = 7B7DA33B2B1C90DA003E3A82 /* MoyaLoggerPlugin.swift */; };
		7B7DA3412B1C998E003E3A82 /* KakaoLoginRequestDTO.swift in Sources */ = {isa = PBXBuildFile; fileRef = 7B7DA3402B1C998E003E3A82 /* KakaoLoginRequestDTO.swift */; };
		7B7DA3432B1C9A98003E3A82 /* AuthRouter.swift in Sources */ = {isa = PBXBuildFile; fileRef = 7B7DA3422B1C9A98003E3A82 /* AuthRouter.swift */; };
		7B7DA3452B1C9D1F003E3A82 /* IdentityTokenDTO.swift in Sources */ = {isa = PBXBuildFile; fileRef = 7B7DA3442B1C9D1E003E3A82 /* IdentityTokenDTO.swift */; };
		7B7DA3472B1CC041003E3A82 /* GenericResponse.swift in Sources */ = {isa = PBXBuildFile; fileRef = 7B7DA3462B1CC041003E3A82 /* GenericResponse.swift */; };
		7B7DA34A2B1CC2B2003E3A82 /* UIWindow+.swift in Sources */ = {isa = PBXBuildFile; fileRef = 7B7DA3492B1CC2B2003E3A82 /* UIWindow+.swift */; };
		7B7DA34C2B1CCB68003E3A82 /* RecordCompleteViewController.swift in Sources */ = {isa = PBXBuildFile; fileRef = 7B7DA34B2B1CCB68003E3A82 /* RecordCompleteViewController.swift */; };
		7B7DA34F2B1CE61A003E3A82 /* TodayRecordDTO.swift in Sources */ = {isa = PBXBuildFile; fileRef = 7B7DA34E2B1CE61A003E3A82 /* TodayRecordDTO.swift */; };
		7B7DA3512B1CE68F003E3A82 /* RecordRouter.swift in Sources */ = {isa = PBXBuildFile; fileRef = 7B7DA3502B1CE68F003E3A82 /* RecordRouter.swift */; };
		7B7DA3532B1CE927003E3A82 /* HomeRouter.swift in Sources */ = {isa = PBXBuildFile; fileRef = 7B7DA3522B1CE927003E3A82 /* HomeRouter.swift */; };
		7B7DA3562B1CE963003E3A82 /* CooingDefaultInfoDTO.swift in Sources */ = {isa = PBXBuildFile; fileRef = 7B7DA3552B1CE963003E3A82 /* CooingDefaultInfoDTO.swift */; };
		7B7DA35A2B1CEE03003E3A82 /* ClovaSpeechService.swift in Sources */ = {isa = PBXBuildFile; fileRef = 7B7DA3592B1CEE03003E3A82 /* ClovaSpeechService.swift */; };
		7B7DA35C2B1D0258003E3A82 /* SpeechRecognitionResponse.swift in Sources */ = {isa = PBXBuildFile; fileRef = 7B7DA35B2B1D0258003E3A82 /* SpeechRecognitionResponse.swift */; };
		7B7DA35E2B1D1E71003E3A82 /* SetCooingInfoViewController.swift in Sources */ = {isa = PBXBuildFile; fileRef = 7B7DA35D2B1D1E71003E3A82 /* SetCooingInfoViewController.swift */; };
		7B7DA3602B1D1E9A003E3A82 /* SetCooingInfoView.swift in Sources */ = {isa = PBXBuildFile; fileRef = 7B7DA35F2B1D1E99003E3A82 /* SetCooingInfoView.swift */; };
		7B7DA3632B1D2228003E3A82 /* CooingInfoRouter.swift in Sources */ = {isa = PBXBuildFile; fileRef = 7B7DA3622B1D2228003E3A82 /* CooingInfoRouter.swift */; };
		7B7DA3652B1D553B003E3A82 /* QuestionDTO.swift in Sources */ = {isa = PBXBuildFile; fileRef = 7B7DA3642B1D553A003E3A82 /* QuestionDTO.swift */; };
		7B7DA3672B1D5555003E3A82 /* QuestionRouter.swift in Sources */ = {isa = PBXBuildFile; fileRef = 7B7DA3662B1D5555003E3A82 /* QuestionRouter.swift */; };
		7B82F2CD2B1B31AF005DDFC9 /* KakaoSDKAuth in Frameworks */ = {isa = PBXBuildFile; productRef = 7B82F2CC2B1B31AF005DDFC9 /* KakaoSDKAuth */; };
		7B82F2CF2B1B31AF005DDFC9 /* KakaoSDKCommon in Frameworks */ = {isa = PBXBuildFile; productRef = 7B82F2CE2B1B31AF005DDFC9 /* KakaoSDKCommon */; };
		7B82F2D12B1B31AF005DDFC9 /* KakaoSDKUser in Frameworks */ = {isa = PBXBuildFile; productRef = 7B82F2D02B1B31AF005DDFC9 /* KakaoSDKUser */; };
		7B82F2DC2B1B3A5F005DDFC9 /* Realm in Frameworks */ = {isa = PBXBuildFile; productRef = 7B82F2DB2B1B3A5F005DDFC9 /* Realm */; };
		7B82F2DE2B1B3A5F005DDFC9 /* RealmSwift in Frameworks */ = {isa = PBXBuildFile; productRef = 7B82F2DD2B1B3A5F005DDFC9 /* RealmSwift */; };
/* End PBXBuildFile section */

/* Begin PBXFileReference section */
		0547875D2AF7992100823463 /* COOING.app */ = {isa = PBXFileReference; explicitFileType = wrapper.application; includeInIndex = 0; path = COOING.app; sourceTree = BUILT_PRODUCTS_DIR; };
		054787602AF7992100823463 /* AppDelegate.swift */ = {isa = PBXFileReference; lastKnownFileType = sourcecode.swift; path = AppDelegate.swift; sourceTree = "<group>"; };
		054787622AF7992100823463 /* SceneDelegate.swift */ = {isa = PBXFileReference; lastKnownFileType = sourcecode.swift; path = SceneDelegate.swift; sourceTree = "<group>"; };
		054787642AF7992100823463 /* HomeViewController.swift */ = {isa = PBXFileReference; lastKnownFileType = sourcecode.swift; path = HomeViewController.swift; sourceTree = "<group>"; };
		054787692AF7992300823463 /* Assets.xcassets */ = {isa = PBXFileReference; lastKnownFileType = folder.assetcatalog; path = Assets.xcassets; sourceTree = "<group>"; };
		0547876C2AF7992300823463 /* Base */ = {isa = PBXFileReference; lastKnownFileType = file.storyboard; name = Base; path = Base.lproj/LaunchScreen.storyboard; sourceTree = "<group>"; };
		0547876E2AF7992300823463 /* Info.plist */ = {isa = PBXFileReference; lastKnownFileType = text.plist.xml; path = Info.plist; sourceTree = "<group>"; };
		0547878D2AF7ACA200823463 /* BaseViewController.swift */ = {isa = PBXFileReference; lastKnownFileType = sourcecode.swift; path = BaseViewController.swift; sourceTree = "<group>"; };
		054787912AF7ACBA00823463 /* BaseView.swift */ = {isa = PBXFileReference; lastKnownFileType = sourcecode.swift; path = BaseView.swift; sourceTree = "<group>"; };
		054787932AF7ACD400823463 /* UIView+.swift */ = {isa = PBXFileReference; lastKnownFileType = sourcecode.swift; path = "UIView+.swift"; sourceTree = "<group>"; };
		054787952AF7ACE700823463 /* UIStackView+.swift */ = {isa = PBXFileReference; lastKnownFileType = sourcecode.swift; path = "UIStackView+.swift"; sourceTree = "<group>"; };
		054787972AF7AD8D00823463 /* SUITE-Bold.otf */ = {isa = PBXFileReference; lastKnownFileType = file; path = "SUITE-Bold.otf"; sourceTree = "<group>"; };
		054787992AF7AD9800823463 /* SUITE-ExtraBold.otf */ = {isa = PBXFileReference; lastKnownFileType = file; path = "SUITE-ExtraBold.otf"; sourceTree = "<group>"; };
		0547879B2AF7ADAC00823463 /* SUITE-Medium.otf */ = {isa = PBXFileReference; lastKnownFileType = file; path = "SUITE-Medium.otf"; sourceTree = "<group>"; };
		0547879C2AF7ADAC00823463 /* SUITE-SemiBold.otf */ = {isa = PBXFileReference; lastKnownFileType = file; path = "SUITE-SemiBold.otf"; sourceTree = "<group>"; };
		0547879F2AF7AE2F00823463 /* Font.swift */ = {isa = PBXFileReference; lastKnownFileType = sourcecode.swift; path = Font.swift; sourceTree = "<group>"; };
		054787A12AF7AE6F00823463 /* UIFont+.swift */ = {isa = PBXFileReference; lastKnownFileType = sourcecode.swift; path = "UIFont+.swift"; sourceTree = "<group>"; };
		054787A92AF7B08100823463 /* UIColor+.swift */ = {isa = PBXFileReference; lastKnownFileType = sourcecode.swift; path = "UIColor+.swift"; sourceTree = "<group>"; };
		054787C62AF7BE6100823463 /* MyPageViewController.swift */ = {isa = PBXFileReference; lastKnownFileType = sourcecode.swift; path = MyPageViewController.swift; sourceTree = "<group>"; };
		054787C82AF7BE7400823463 /* ReportViewController.swift */ = {isa = PBXFileReference; lastKnownFileType = sourcecode.swift; path = ReportViewController.swift; sourceTree = "<group>"; };
		054787CA2AF7BE7C00823463 /* HistoryViewController.swift */ = {isa = PBXFileReference; lastKnownFileType = sourcecode.swift; path = HistoryViewController.swift; sourceTree = "<group>"; };
		054787CC2AF7BEA800823463 /* CooingTabBarController.swift */ = {isa = PBXFileReference; lastKnownFileType = sourcecode.swift; path = CooingTabBarController.swift; sourceTree = "<group>"; };
		054787CE2AF7BEB800823463 /* CALayer+.swift */ = {isa = PBXFileReference; lastKnownFileType = sourcecode.swift; path = "CALayer+.swift"; sourceTree = "<group>"; };
		054787D02AF7C29800823463 /* CooingButton.swift */ = {isa = PBXFileReference; lastKnownFileType = sourcecode.swift; name = CooingButton.swift; path = COOING/Global/Extension/CooingButton.swift; sourceTree = SOURCE_ROOT; };
		054787D22AF7C2D700823463 /* UIButton+.swift */ = {isa = PBXFileReference; lastKnownFileType = sourcecode.swift; path = "UIButton+.swift"; sourceTree = "<group>"; };
		054787D42AF7C42500823463 /* Image.swift */ = {isa = PBXFileReference; lastKnownFileType = sourcecode.swift; path = Image.swift; sourceTree = "<group>"; };
		0583D6622B19BF5A00A87981 /* ReportView.swift */ = {isa = PBXFileReference; lastKnownFileType = sourcecode.swift; path = ReportView.swift; sourceTree = "<group>"; };
		0583D6642B19C1A600A87981 /* ReportSummaryView.swift */ = {isa = PBXFileReference; lastKnownFileType = sourcecode.swift; path = ReportSummaryView.swift; sourceTree = "<group>"; };
		0583D6662B19C6E400A87981 /* Adjusted+.swift */ = {isa = PBXFileReference; lastKnownFileType = sourcecode.swift; path = "Adjusted+.swift"; sourceTree = "<group>"; };
		0583D6682B19C7A700A87981 /* ReportFrequentWordView.swift */ = {isa = PBXFileReference; lastKnownFileType = sourcecode.swift; path = ReportFrequentWordView.swift; sourceTree = "<group>"; };
		0583D66A2B19C7B500A87981 /* ReportUsingWordView.swift */ = {isa = PBXFileReference; lastKnownFileType = sourcecode.swift; path = ReportUsingWordView.swift; sourceTree = "<group>"; };
		0583D66C2B19C9F600A87981 /* ReportSecretNoteView.swift */ = {isa = PBXFileReference; lastKnownFileType = sourcecode.swift; path = ReportSecretNoteView.swift; sourceTree = "<group>"; };
		0583D66E2B19F1F100A87981 /* FrequentWordViewController.swift */ = {isa = PBXFileReference; lastKnownFileType = sourcecode.swift; path = FrequentWordViewController.swift; sourceTree = "<group>"; };
		0583D6722B1A4A3B00A87981 /* FrequentWordView.swift */ = {isa = PBXFileReference; lastKnownFileType = sourcecode.swift; path = FrequentWordView.swift; sourceTree = "<group>"; };
		0583D6742B1A4A8100A87981 /* FrequentTableViewCell.swift */ = {isa = PBXFileReference; lastKnownFileType = sourcecode.swift; path = FrequentTableViewCell.swift; sourceTree = "<group>"; };
		0583D6762B1A4A9B00A87981 /* FrequentWordRightView.swift */ = {isa = PBXFileReference; lastKnownFileType = sourcecode.swift; path = FrequentWordRightView.swift; sourceTree = "<group>"; };
		0583D6872B1B916100A87981 /* SecretNoteViewController.swift */ = {isa = PBXFileReference; lastKnownFileType = sourcecode.swift; path = SecretNoteViewController.swift; sourceTree = "<group>"; };
		0583D68A2B1B91C000A87981 /* SecretNoteView.swift */ = {isa = PBXFileReference; lastKnownFileType = sourcecode.swift; path = SecretNoteView.swift; sourceTree = "<group>"; };
		0583D68C2B1B93B400A87981 /* SecretNoteTableViewCell.swift */ = {isa = PBXFileReference; lastKnownFileType = sourcecode.swift; path = SecretNoteTableViewCell.swift; sourceTree = "<group>"; };
		0583D6902B1BAC4700A87981 /* LevelReportViewController.swift */ = {isa = PBXFileReference; lastKnownFileType = sourcecode.swift; path = LevelReportViewController.swift; sourceTree = "<group>"; };
		0583D6932B1BAEBB00A87981 /* LevelReportView.swift */ = {isa = PBXFileReference; lastKnownFileType = sourcecode.swift; path = LevelReportView.swift; sourceTree = "<group>"; };
		0583D6952B1BB54100A87981 /* LevelTableSectionHeaderView.swift */ = {isa = PBXFileReference; lastKnownFileType = sourcecode.swift; path = LevelTableSectionHeaderView.swift; sourceTree = "<group>"; };
		0583D6972B1BB6B100A87981 /* LevelTableSectionFooterView.swift */ = {isa = PBXFileReference; lastKnownFileType = sourcecode.swift; path = LevelTableSectionFooterView.swift; sourceTree = "<group>"; };
		0583D6992B1BB72500A87981 /* LevelTableViewCell.swift */ = {isa = PBXFileReference; lastKnownFileType = sourcecode.swift; path = LevelTableViewCell.swift; sourceTree = "<group>"; };
		0583D69B2B1BB79600A87981 /* LevelTableViewCellRightView.swift */ = {isa = PBXFileReference; lastKnownFileType = sourcecode.swift; path = LevelTableViewCellRightView.swift; sourceTree = "<group>"; };
		0583D69F2B1C6BC000A87981 /* HistoryView.swift */ = {isa = PBXFileReference; lastKnownFileType = sourcecode.swift; path = HistoryView.swift; sourceTree = "<group>"; };
		0583D6A12B1C704400A87981 /* HistoryTableViewCell.swift */ = {isa = PBXFileReference; lastKnownFileType = sourcecode.swift; path = HistoryTableViewCell.swift; sourceTree = "<group>"; };
		0583D6A32B1C70D500A87981 /* HistoryRightView.swift */ = {isa = PBXFileReference; lastKnownFileType = sourcecode.swift; path = HistoryRightView.swift; sourceTree = "<group>"; };
		0589FB352B1CC04800D0CB7F /* UsingWordViewController.swift */ = {isa = PBXFileReference; lastKnownFileType = sourcecode.swift; path = UsingWordViewController.swift; sourceTree = "<group>"; };
		0589FB372B1CC06600D0CB7F /* UsingWordView.swift */ = {isa = PBXFileReference; lastKnownFileType = sourcecode.swift; path = UsingWordView.swift; sourceTree = "<group>"; };
		0589FB3D2B1CF6B200D0CB7F /* ReportTotalDTO.swift */ = {isa = PBXFileReference; lastKnownFileType = sourcecode.swift; path = ReportTotalDTO.swift; sourceTree = "<group>"; };
		0589FB3F2B1CF75400D0CB7F /* ReportRouter.swift */ = {isa = PBXFileReference; lastKnownFileType = sourcecode.swift; path = ReportRouter.swift; sourceTree = "<group>"; };
		0589FB412B1CF92700D0CB7F /* UsingWordDTO.swift */ = {isa = PBXFileReference; lastKnownFileType = sourcecode.swift; path = UsingWordDTO.swift; sourceTree = "<group>"; };
		0589FB432B1CFABD00D0CB7F /* SecretNoteDTO.swift */ = {isa = PBXFileReference; lastKnownFileType = sourcecode.swift; path = SecretNoteDTO.swift; sourceTree = "<group>"; };
		0589FB452B1CFC7C00D0CB7F /* SecretNoteListDTO.swift */ = {isa = PBXFileReference; lastKnownFileType = sourcecode.swift; path = SecretNoteListDTO.swift; sourceTree = "<group>"; };
		0589FB472B1CFDDE00D0CB7F /* InfoDTO.swift */ = {isa = PBXFileReference; lastKnownFileType = sourcecode.swift; path = InfoDTO.swift; sourceTree = "<group>"; };
		05B0BC352AF7FE510082E3EB /* HomeView.swift */ = {isa = PBXFileReference; lastKnownFileType = sourcecode.swift; name = HomeView.swift; path = COOING/Global/Constant/HomeView.swift; sourceTree = SOURCE_ROOT; };
		05B0BC372AF8127A0082E3EB /* QuestionViewController.swift */ = {isa = PBXFileReference; lastKnownFileType = sourcecode.swift; path = QuestionViewController.swift; sourceTree = "<group>"; };
		05B0BC392AF815800082E3EB /* QuestionView.swift */ = {isa = PBXFileReference; lastKnownFileType = sourcecode.swift; name = QuestionView.swift; path = COOING/Presentation/Home/ViewController/QuestionView.swift; sourceTree = SOURCE_ROOT; };
		7B2C75972B19C7DC00A6CE1A /* TransformRecordViewController.swift */ = {isa = PBXFileReference; lastKnownFileType = sourcecode.swift; path = TransformRecordViewController.swift; sourceTree = "<group>"; };
		7B2C75992B19C7ED00A6CE1A /* TransformRecordView.swift */ = {isa = PBXFileReference; lastKnownFileType = sourcecode.swift; name = TransformRecordView.swift; path = COOING/Presentation/Home/ViewController/TransformRecordView.swift; sourceTree = SOURCE_ROOT; };
		7B2C759B2B19E8EE00A6CE1A /* UIViewController+.swift */ = {isa = PBXFileReference; lastKnownFileType = sourcecode.swift; path = "UIViewController+.swift"; sourceTree = "<group>"; };
		7B2C759D2B19EB9400A6CE1A /* CommentViewController.swift */ = {isa = PBXFileReference; lastKnownFileType = sourcecode.swift; path = CommentViewController.swift; sourceTree = "<group>"; };
		7B2C759F2B19EBF700A6CE1A /* CommentView.swift */ = {isa = PBXFileReference; lastKnownFileType = sourcecode.swift; name = CommentView.swift; path = COOING/Presentation/Home/ViewController/CommentView.swift; sourceTree = SOURCE_ROOT; };
		7B3BC87A2AF894B8008EDF60 /* RecordViewController.swift */ = {isa = PBXFileReference; lastKnownFileType = sourcecode.swift; path = RecordViewController.swift; sourceTree = "<group>"; };
		7B3BC87C2AF894C1008EDF60 /* RecordView.swift */ = {isa = PBXFileReference; lastKnownFileType = sourcecode.swift; name = RecordView.swift; path = COOING/Presentation/Home/ViewController/RecordView.swift; sourceTree = SOURCE_ROOT; };
		7B3BC87E2AF89AFC008EDF60 /* File.swift */ = {isa = PBXFileReference; lastKnownFileType = sourcecode.swift; name = File.swift; path = COOING/Presentation/Home/ViewController/File.swift; sourceTree = SOURCE_ROOT; };
		7B543A9B2B1C744A00F2A8FA /* LoginViewController.swift */ = {isa = PBXFileReference; lastKnownFileType = sourcecode.swift; path = LoginViewController.swift; sourceTree = "<group>"; };
		7B543AA72B1C816800F2A8FA /* RealmService.swift */ = {isa = PBXFileReference; lastKnownFileType = sourcecode.swift; path = RealmService.swift; sourceTree = "<group>"; };
		7B543AAA2B1C81D800F2A8FA /* Token.swift */ = {isa = PBXFileReference; lastKnownFileType = sourcecode.swift; path = Token.swift; sourceTree = "<group>"; };
		7B700EB22B2468A200473264 /* MyPageView.swift */ = {isa = PBXFileReference; lastKnownFileType = sourcecode.swift; path = MyPageView.swift; sourceTree = "<group>"; };
		7B700EB42B25D01200473264 /* MyPageServiceCell.swift */ = {isa = PBXFileReference; lastKnownFileType = sourcecode.swift; path = MyPageServiceCell.swift; sourceTree = "<group>"; };
		7B700EB62B2647E300473264 /* MyPageModel.swift */ = {isa = PBXFileReference; lastKnownFileType = sourcecode.swift; path = MyPageModel.swift; sourceTree = "<group>"; };
		7B700EB92B26481C00473264 /* DataTypeProtocol.swift */ = {isa = PBXFileReference; lastKnownFileType = sourcecode.swift; path = DataTypeProtocol.swift; sourceTree = "<group>"; };
		7B700EBB2B264CAA00473264 /* ProvisionViewController.swift */ = {isa = PBXFileReference; lastKnownFileType = sourcecode.swift; path = ProvisionViewController.swift; sourceTree = "<group>"; };
		7B700EBD2B264CC000473264 /* ProvisionView.swift */ = {isa = PBXFileReference; lastKnownFileType = sourcecode.swift; path = ProvisionView.swift; sourceTree = "<group>"; };
		7B7DA3382B1C8DC8003E3A82 /* Config.swift */ = {isa = PBXFileReference; lastKnownFileType = sourcecode.swift; path = Config.swift; sourceTree = "<group>"; };
		7B7DA33B2B1C90DA003E3A82 /* MoyaLoggerPlugin.swift */ = {isa = PBXFileReference; lastKnownFileType = sourcecode.swift; path = MoyaLoggerPlugin.swift; sourceTree = "<group>"; };
		7B7DA3402B1C998E003E3A82 /* KakaoLoginRequestDTO.swift */ = {isa = PBXFileReference; lastKnownFileType = sourcecode.swift; path = KakaoLoginRequestDTO.swift; sourceTree = "<group>"; };
		7B7DA3422B1C9A98003E3A82 /* AuthRouter.swift */ = {isa = PBXFileReference; lastKnownFileType = sourcecode.swift; path = AuthRouter.swift; sourceTree = "<group>"; };
		7B7DA3442B1C9D1E003E3A82 /* IdentityTokenDTO.swift */ = {isa = PBXFileReference; lastKnownFileType = sourcecode.swift; path = IdentityTokenDTO.swift; sourceTree = "<group>"; };
		7B7DA3462B1CC041003E3A82 /* GenericResponse.swift */ = {isa = PBXFileReference; lastKnownFileType = sourcecode.swift; path = GenericResponse.swift; sourceTree = "<group>"; };
		7B7DA3492B1CC2B2003E3A82 /* UIWindow+.swift */ = {isa = PBXFileReference; lastKnownFileType = sourcecode.swift; path = "UIWindow+.swift"; sourceTree = "<group>"; };
		7B7DA34B2B1CCB68003E3A82 /* RecordCompleteViewController.swift */ = {isa = PBXFileReference; lastKnownFileType = sourcecode.swift; path = RecordCompleteViewController.swift; sourceTree = "<group>"; };
		7B7DA34E2B1CE61A003E3A82 /* TodayRecordDTO.swift */ = {isa = PBXFileReference; lastKnownFileType = sourcecode.swift; path = TodayRecordDTO.swift; sourceTree = "<group>"; };
		7B7DA3502B1CE68F003E3A82 /* RecordRouter.swift */ = {isa = PBXFileReference; lastKnownFileType = sourcecode.swift; path = RecordRouter.swift; sourceTree = "<group>"; };
		7B7DA3522B1CE927003E3A82 /* HomeRouter.swift */ = {isa = PBXFileReference; lastKnownFileType = sourcecode.swift; path = HomeRouter.swift; sourceTree = "<group>"; };
		7B7DA3552B1CE963003E3A82 /* CooingDefaultInfoDTO.swift */ = {isa = PBXFileReference; lastKnownFileType = sourcecode.swift; path = CooingDefaultInfoDTO.swift; sourceTree = "<group>"; };
		7B7DA3592B1CEE03003E3A82 /* ClovaSpeechService.swift */ = {isa = PBXFileReference; lastKnownFileType = sourcecode.swift; path = ClovaSpeechService.swift; sourceTree = "<group>"; };
		7B7DA35B2B1D0258003E3A82 /* SpeechRecognitionResponse.swift */ = {isa = PBXFileReference; lastKnownFileType = sourcecode.swift; path = SpeechRecognitionResponse.swift; sourceTree = "<group>"; };
		7B7DA35D2B1D1E71003E3A82 /* SetCooingInfoViewController.swift */ = {isa = PBXFileReference; lastKnownFileType = sourcecode.swift; path = SetCooingInfoViewController.swift; sourceTree = "<group>"; };
		7B7DA35F2B1D1E99003E3A82 /* SetCooingInfoView.swift */ = {isa = PBXFileReference; lastKnownFileType = sourcecode.swift; path = SetCooingInfoView.swift; sourceTree = "<group>"; };
		7B7DA3622B1D2228003E3A82 /* CooingInfoRouter.swift */ = {isa = PBXFileReference; lastKnownFileType = sourcecode.swift; path = CooingInfoRouter.swift; sourceTree = "<group>"; };
		7B7DA3642B1D553A003E3A82 /* QuestionDTO.swift */ = {isa = PBXFileReference; lastKnownFileType = sourcecode.swift; path = QuestionDTO.swift; sourceTree = "<group>"; };
		7B7DA3662B1D5555003E3A82 /* QuestionRouter.swift */ = {isa = PBXFileReference; lastKnownFileType = sourcecode.swift; path = QuestionRouter.swift; sourceTree = "<group>"; };
/* End PBXFileReference section */

/* Begin PBXFrameworksBuildPhase section */
		0547875A2AF7992100823463 /* Frameworks */ = {
			isa = PBXFrameworksBuildPhase;
			buildActionMask = 2147483647;
			files = (
				7B543AA52B1C80DB00F2A8FA /* RxMoya in Frameworks */,
				7B82F2DC2B1B3A5F005DDFC9 /* Realm in Frameworks */,
				7B82F2CF2B1B31AF005DDFC9 /* KakaoSDKCommon in Frameworks */,
				7B543AA12B1C80DB00F2A8FA /* Moya in Frameworks */,
				7B82F2DE2B1B3A5F005DDFC9 /* RealmSwift in Frameworks */,
				054787A52AF7AFEA00823463 /* SnapKit in Frameworks */,
				7B543AA32B1C80DB00F2A8FA /* ReactiveMoya in Frameworks */,
				054787A82AF7AFF600823463 /* Then in Frameworks */,
				7B82F2D12B1B31AF005DDFC9 /* KakaoSDKUser in Frameworks */,
				0589FB3B2B1CCAC800D0CB7F /* DGCharts in Frameworks */,
				7B82F2CD2B1B31AF005DDFC9 /* KakaoSDKAuth in Frameworks */,
			);
			runOnlyForDeploymentPostprocessing = 0;
		};
/* End PBXFrameworksBuildPhase section */

/* Begin PBXGroup section */
		054787542AF7992100823463 = {
			isa = PBXGroup;
			children = (
				0547875F2AF7992100823463 /* COOING */,
				0547875E2AF7992100823463 /* Products */,
			);
			sourceTree = "<group>";
		};
		0547875E2AF7992100823463 /* Products */ = {
			isa = PBXGroup;
			children = (
				0547875D2AF7992100823463 /* COOING.app */,
			);
			name = Products;
			sourceTree = "<group>";
		};
		0547875F2AF7992100823463 /* COOING */ = {
			isa = PBXGroup;
			children = (
				7B543AA62B1C814C00F2A8FA /* Realm */,
				7B543A9E2B1C7C7500F2A8FA /* Network */,
				7B543A9D2B1C7C7100F2A8FA /* Data */,
				054787772AF79CF700823463 /* Resource */,
				054787762AF79CEE00823463 /* Application */,
				054787752AF79CE500823463 /* Presentation */,
				054787742AF79CD900823463 /* Global */,
				0547876E2AF7992300823463 /* Info.plist */,
			);
			path = COOING;
			sourceTree = "<group>";
		};
		054787742AF79CD900823463 /* Global */ = {
			isa = PBXGroup;
			children = (
				7B700EB82B26480000473264 /* Protocol */,
				0547878B2AF7AC7F00823463 /* UIComponent */,
				0547878A2AF7AC6D00823463 /* Constant */,
				054787892AF7AC6600823463 /* Extension */,
			);
			path = Global;
			sourceTree = "<group>";
		};
		054787752AF79CE500823463 /* Presentation */ = {
			isa = PBXGroup;
			children = (
				7B82F2D32B1B3242005DDFC9 /* Login */,
				0547878C2AF7AC9000823463 /* Base */,
				054787862AF79F8100823463 /* History */,
				054787852AF79F0700823463 /* Report */,
				054787842AF79EFE00823463 /* MyPage */,
				054787832AF79EE500823463 /* Home */,
			);
			path = Presentation;
			sourceTree = "<group>";
		};
		054787762AF79CEE00823463 /* Application */ = {
			isa = PBXGroup;
			children = (
				054787622AF7992100823463 /* SceneDelegate.swift */,
				054787602AF7992100823463 /* AppDelegate.swift */,
			);
			path = Application;
			sourceTree = "<group>";
		};
		054787772AF79CF700823463 /* Resource */ = {
			isa = PBXGroup;
			children = (
				054787692AF7992300823463 /* Assets.xcassets */,
				0547876B2AF7992300823463 /* LaunchScreen.storyboard */,
				054787792AF79DB300823463 /* Font */,
			);
			path = Resource;
			sourceTree = "<group>";
		};
		054787792AF79DB300823463 /* Font */ = {
			isa = PBXGroup;
			children = (
				054787992AF7AD9800823463 /* SUITE-ExtraBold.otf */,
				054787972AF7AD8D00823463 /* SUITE-Bold.otf */,
				0547879B2AF7ADAC00823463 /* SUITE-Medium.otf */,
				0547879C2AF7ADAC00823463 /* SUITE-SemiBold.otf */,
			);
			path = Font;
			sourceTree = "<group>";
		};
		054787832AF79EE500823463 /* Home */ = {
			isa = PBXGroup;
			children = (
				054787882AF79FA600823463 /* ViewController */,
				054787872AF79F9F00823463 /* View */,
			);
			path = Home;
			sourceTree = "<group>";
		};
		054787842AF79EFE00823463 /* MyPage */ = {
			isa = PBXGroup;
			children = (
				7B700EB12B24689D00473264 /* View */,
				054787C12AF7BE3300823463 /* ViewController */,
			);
			path = MyPage;
			sourceTree = "<group>";
		};
		054787852AF79F0700823463 /* Report */ = {
			isa = PBXGroup;
			children = (
				0583D6612B19BF5300A87981 /* View */,
				054787C32AF7BE3C00823463 /* ViewController */,
			);
			path = Report;
			sourceTree = "<group>";
		};
		054787862AF79F8100823463 /* History */ = {
			isa = PBXGroup;
			children = (
				0583D69E2B1C6BAD00A87981 /* View */,
				054787C52AF7BE4700823463 /* ViewController */,
			);
			path = History;
			sourceTree = "<group>";
		};
		054787872AF79F9F00823463 /* View */ = {
			isa = PBXGroup;
			children = (
				05B0BC352AF7FE510082E3EB /* HomeView.swift */,
				05B0BC392AF815800082E3EB /* QuestionView.swift */,
				7B3BC87C2AF894C1008EDF60 /* RecordView.swift */,
				7B3BC87E2AF89AFC008EDF60 /* File.swift */,
				7B2C75992B19C7ED00A6CE1A /* TransformRecordView.swift */,
				7B2C759F2B19EBF700A6CE1A /* CommentView.swift */,
			);
			path = View;
			sourceTree = "<group>";
		};
		054787882AF79FA600823463 /* ViewController */ = {
			isa = PBXGroup;
			children = (
				054787642AF7992100823463 /* HomeViewController.swift */,
				05B0BC372AF8127A0082E3EB /* QuestionViewController.swift */,
				7B3BC87A2AF894B8008EDF60 /* RecordViewController.swift */,
				7B2C75972B19C7DC00A6CE1A /* TransformRecordViewController.swift */,
				7B2C759D2B19EB9400A6CE1A /* CommentViewController.swift */,
				7B7DA34B2B1CCB68003E3A82 /* RecordCompleteViewController.swift */,
			);
			path = ViewController;
			sourceTree = "<group>";
		};
		054787892AF7AC6600823463 /* Extension */ = {
			isa = PBXGroup;
			children = (
				054787932AF7ACD400823463 /* UIView+.swift */,
				054787952AF7ACE700823463 /* UIStackView+.swift */,
				054787A12AF7AE6F00823463 /* UIFont+.swift */,
				054787A92AF7B08100823463 /* UIColor+.swift */,
				054787CE2AF7BEB800823463 /* CALayer+.swift */,
				054787D22AF7C2D700823463 /* UIButton+.swift */,
				0583D6662B19C6E400A87981 /* Adjusted+.swift */,
				7B2C759B2B19E8EE00A6CE1A /* UIViewController+.swift */,
				7B7DA3492B1CC2B2003E3A82 /* UIWindow+.swift */,
			);
			path = Extension;
			sourceTree = "<group>";
		};
		0547878A2AF7AC6D00823463 /* Constant */ = {
			isa = PBXGroup;
			children = (
				0547879F2AF7AE2F00823463 /* Font.swift */,
				054787D42AF7C42500823463 /* Image.swift */,
			);
			path = Constant;
			sourceTree = "<group>";
		};
		0547878B2AF7AC7F00823463 /* UIComponent */ = {
			isa = PBXGroup;
			children = (
				054787D02AF7C29800823463 /* CooingButton.swift */,
			);
			path = UIComponent;
			sourceTree = "<group>";
		};
		0547878C2AF7AC9000823463 /* Base */ = {
			isa = PBXGroup;
			children = (
				0547878D2AF7ACA200823463 /* BaseViewController.swift */,
				054787912AF7ACBA00823463 /* BaseView.swift */,
				054787CC2AF7BEA800823463 /* CooingTabBarController.swift */,
			);
			path = Base;
			sourceTree = "<group>";
		};
		054787C12AF7BE3300823463 /* ViewController */ = {
			isa = PBXGroup;
			children = (
				054787C62AF7BE6100823463 /* MyPageViewController.swift */,
				7B700EBB2B264CAA00473264 /* ProvisionViewController.swift */,
			);
			path = ViewController;
			sourceTree = "<group>";
		};
		054787C32AF7BE3C00823463 /* ViewController */ = {
			isa = PBXGroup;
			children = (
				054787C82AF7BE7400823463 /* ReportViewController.swift */,
				0583D66E2B19F1F100A87981 /* FrequentWordViewController.swift */,
				0583D6872B1B916100A87981 /* SecretNoteViewController.swift */,
				0583D6902B1BAC4700A87981 /* LevelReportViewController.swift */,
				0589FB352B1CC04800D0CB7F /* UsingWordViewController.swift */,
			);
			path = ViewController;
			sourceTree = "<group>";
		};
		054787C52AF7BE4700823463 /* ViewController */ = {
			isa = PBXGroup;
			children = (
				054787CA2AF7BE7C00823463 /* HistoryViewController.swift */,
			);
			path = ViewController;
			sourceTree = "<group>";
		};
		0583D6612B19BF5300A87981 /* View */ = {
			isa = PBXGroup;
			children = (
				0589FB342B1CC02C00D0CB7F /* UsingWord */,
				0583D6922B1BAEA700A87981 /* LevelReport */,
				0583D6892B1B917D00A87981 /* SecretNote */,
				0583D6712B1A4A2E00A87981 /* Frequent */,
				0583D6702B1A4A2100A87981 /* Intro */,
			);
			path = View;
			sourceTree = "<group>";
		};
		0583D6702B1A4A2100A87981 /* Intro */ = {
			isa = PBXGroup;
			children = (
				0583D6622B19BF5A00A87981 /* ReportView.swift */,
				0583D6642B19C1A600A87981 /* ReportSummaryView.swift */,
				0583D6682B19C7A700A87981 /* ReportFrequentWordView.swift */,
				0583D66A2B19C7B500A87981 /* ReportUsingWordView.swift */,
				0583D66C2B19C9F600A87981 /* ReportSecretNoteView.swift */,
			);
			path = Intro;
			sourceTree = "<group>";
		};
		0583D6712B1A4A2E00A87981 /* Frequent */ = {
			isa = PBXGroup;
			children = (
				0583D6722B1A4A3B00A87981 /* FrequentWordView.swift */,
				0583D6742B1A4A8100A87981 /* FrequentTableViewCell.swift */,
				0583D6762B1A4A9B00A87981 /* FrequentWordRightView.swift */,
			);
			path = Frequent;
			sourceTree = "<group>";
		};
		0583D6892B1B917D00A87981 /* SecretNote */ = {
			isa = PBXGroup;
			children = (
				0583D68A2B1B91C000A87981 /* SecretNoteView.swift */,
				0583D68C2B1B93B400A87981 /* SecretNoteTableViewCell.swift */,
			);
			path = SecretNote;
			sourceTree = "<group>";
		};
		0583D6922B1BAEA700A87981 /* LevelReport */ = {
			isa = PBXGroup;
			children = (
				0583D6932B1BAEBB00A87981 /* LevelReportView.swift */,
				0583D6952B1BB54100A87981 /* LevelTableSectionHeaderView.swift */,
				0583D6972B1BB6B100A87981 /* LevelTableSectionFooterView.swift */,
				0583D6992B1BB72500A87981 /* LevelTableViewCell.swift */,
				0583D69B2B1BB79600A87981 /* LevelTableViewCellRightView.swift */,
			);
			path = LevelReport;
			sourceTree = "<group>";
		};
		0583D69E2B1C6BAD00A87981 /* View */ = {
			isa = PBXGroup;
			children = (
				0583D69F2B1C6BC000A87981 /* HistoryView.swift */,
				0583D6A12B1C704400A87981 /* HistoryTableViewCell.swift */,
				0583D6A32B1C70D500A87981 /* HistoryRightView.swift */,
			);
			path = View;
			sourceTree = "<group>";
		};
		0589FB342B1CC02C00D0CB7F /* UsingWord */ = {
			isa = PBXGroup;
			children = (
				0589FB372B1CC06600D0CB7F /* UsingWordView.swift */,
			);
			path = UsingWord;
			sourceTree = "<group>";
		};
		0589FB3C2B1CF69F00D0CB7F /* Report */ = {
			isa = PBXGroup;
			children = (
				0589FB3D2B1CF6B200D0CB7F /* ReportTotalDTO.swift */,
				0589FB412B1CF92700D0CB7F /* UsingWordDTO.swift */,
				0589FB432B1CFABD00D0CB7F /* SecretNoteDTO.swift */,
				0589FB452B1CFC7C00D0CB7F /* SecretNoteListDTO.swift */,
				0589FB472B1CFDDE00D0CB7F /* InfoDTO.swift */,
			);
			path = Report;
			sourceTree = "<group>";
		};
		7B543A9D2B1C7C7100F2A8FA /* Data */ = {
			isa = PBXGroup;
			children = (
			);
			path = Data;
			sourceTree = "<group>";
		};
		7B543A9E2B1C7C7500F2A8FA /* Network */ = {
			isa = PBXGroup;
			children = (
				7B7DA33E2B1C927F003E3A82 /* Router */,
				7B7DA33D2B1C9279003E3A82 /* DTO */,
				7B7DA33A2B1C90CA003E3A82 /* Common */,
				7B7DA3372B1C8DC2003E3A82 /* Config */,
			);
			path = Network;
			sourceTree = "<group>";
		};
		7B543AA62B1C814C00F2A8FA /* Realm */ = {
			isa = PBXGroup;
			children = (
				7B543AA92B1C81CC00F2A8FA /* RealmDTO */,
				7B543AA72B1C816800F2A8FA /* RealmService.swift */,
			);
			path = Realm;
			sourceTree = "<group>";
		};
		7B543AA92B1C81CC00F2A8FA /* RealmDTO */ = {
			isa = PBXGroup;
			children = (
				7B543AAA2B1C81D800F2A8FA /* Token.swift */,
			);
			path = RealmDTO;
			sourceTree = "<group>";
		};
		7B700EB12B24689D00473264 /* View */ = {
			isa = PBXGroup;
			children = (
				7B700EB22B2468A200473264 /* MyPageView.swift */,
				7B700EB42B25D01200473264 /* MyPageServiceCell.swift */,
				7B700EB62B2647E300473264 /* MyPageModel.swift */,
				7B700EBD2B264CC000473264 /* ProvisionView.swift */,
			);
			path = View;
			sourceTree = "<group>";
		};
		7B700EB82B26480000473264 /* Protocol */ = {
			isa = PBXGroup;
			children = (
				7B700EB92B26481C00473264 /* DataTypeProtocol.swift */,
			);
			path = Protocol;
			sourceTree = "<group>";
		};
		7B7DA3372B1C8DC2003E3A82 /* Config */ = {
			isa = PBXGroup;
			children = (
				7B7DA3382B1C8DC8003E3A82 /* Config.swift */,
			);
			path = Config;
			sourceTree = "<group>";
		};
		7B7DA33A2B1C90CA003E3A82 /* Common */ = {
			isa = PBXGroup;
			children = (
				7B7DA33B2B1C90DA003E3A82 /* MoyaLoggerPlugin.swift */,
				7B7DA3462B1CC041003E3A82 /* GenericResponse.swift */,
			);
			path = Common;
			sourceTree = "<group>";
		};
		7B7DA33D2B1C9279003E3A82 /* DTO */ = {
			isa = PBXGroup;
			children = (
				0589FB3C2B1CF69F00D0CB7F /* Report */,
				7B7DA3612B1D2205003E3A82 /* Cooing */,
				7B7DA3542B1CE92B003E3A82 /* Home */,
				7B7DA34D2B1CE476003E3A82 /* Record */,
				7B7DA33F2B1C9291003E3A82 /* Auth */,
			);
			path = DTO;
			sourceTree = "<group>";
		};
		7B7DA33E2B1C927F003E3A82 /* Router */ = {
			isa = PBXGroup;
			children = (
				7B7DA3422B1C9A98003E3A82 /* AuthRouter.swift */,
				0589FB3F2B1CF75400D0CB7F /* ReportRouter.swift */,
				7B7DA3502B1CE68F003E3A82 /* RecordRouter.swift */,
				7B7DA3522B1CE927003E3A82 /* HomeRouter.swift */,
				7B7DA3592B1CEE03003E3A82 /* ClovaSpeechService.swift */,
				7B7DA3622B1D2228003E3A82 /* CooingInfoRouter.swift */,
				7B7DA3662B1D5555003E3A82 /* QuestionRouter.swift */,
			);
			path = Router;
			sourceTree = "<group>";
		};
		7B7DA33F2B1C9291003E3A82 /* Auth */ = {
			isa = PBXGroup;
			children = (
				7B7DA3402B1C998E003E3A82 /* KakaoLoginRequestDTO.swift */,
				7B7DA3442B1C9D1E003E3A82 /* IdentityTokenDTO.swift */,
			);
			path = Auth;
			sourceTree = "<group>";
		};
		7B7DA34D2B1CE476003E3A82 /* Record */ = {
			isa = PBXGroup;
			children = (
				7B7DA34E2B1CE61A003E3A82 /* TodayRecordDTO.swift */,
				7B7DA35B2B1D0258003E3A82 /* SpeechRecognitionResponse.swift */,
			);
			path = Record;
			sourceTree = "<group>";
		};
		7B7DA3542B1CE92B003E3A82 /* Home */ = {
			isa = PBXGroup;
			children = (
				7B7DA3552B1CE963003E3A82 /* CooingDefaultInfoDTO.swift */,
				7B7DA3642B1D553A003E3A82 /* QuestionDTO.swift */,
			);
			path = Home;
			sourceTree = "<group>";
		};
		7B7DA3612B1D2205003E3A82 /* Cooing */ = {
			isa = PBXGroup;
			children = (
			);
			path = Cooing;
			sourceTree = "<group>";
		};
		7B82F2D32B1B3242005DDFC9 /* Login */ = {
			isa = PBXGroup;
			children = (
				7B82F2D52B1B3253005DDFC9 /* ViewController */,
				7B82F2D42B1B324F005DDFC9 /* View */,
			);
			path = Login;
			sourceTree = "<group>";
		};
		7B82F2D42B1B324F005DDFC9 /* View */ = {
			isa = PBXGroup;
			children = (
				7B7DA35F2B1D1E99003E3A82 /* SetCooingInfoView.swift */,
			);
			path = View;
			sourceTree = "<group>";
		};
		7B82F2D52B1B3253005DDFC9 /* ViewController */ = {
			isa = PBXGroup;
			children = (
				7B543A9B2B1C744A00F2A8FA /* LoginViewController.swift */,
				7B7DA35D2B1D1E71003E3A82 /* SetCooingInfoViewController.swift */,
			);
			path = ViewController;
			sourceTree = "<group>";
		};
/* End PBXGroup section */

/* Begin PBXNativeTarget section */
		0547875C2AF7992100823463 /* COOING */ = {
			isa = PBXNativeTarget;
			buildConfigurationList = 054787712AF7992300823463 /* Build configuration list for PBXNativeTarget "COOING" */;
			buildPhases = (
				054787592AF7992100823463 /* Sources */,
				0547875A2AF7992100823463 /* Frameworks */,
				0547875B2AF7992100823463 /* Resources */,
			);
			buildRules = (
			);
			dependencies = (
			);
			name = COOING;
			packageProductDependencies = (
				054787A42AF7AFEA00823463 /* SnapKit */,
				054787A72AF7AFF600823463 /* Then */,
				7B82F2CC2B1B31AF005DDFC9 /* KakaoSDKAuth */,
				7B82F2CE2B1B31AF005DDFC9 /* KakaoSDKCommon */,
				7B82F2D02B1B31AF005DDFC9 /* KakaoSDKUser */,
				7B82F2DB2B1B3A5F005DDFC9 /* Realm */,
				7B82F2DD2B1B3A5F005DDFC9 /* RealmSwift */,
				7B543AA02B1C80DB00F2A8FA /* Moya */,
				7B543AA22B1C80DB00F2A8FA /* ReactiveMoya */,
				7B543AA42B1C80DB00F2A8FA /* RxMoya */,
				0589FB3A2B1CCAC800D0CB7F /* DGCharts */,
			);
			productName = COOING;
			productReference = 0547875D2AF7992100823463 /* COOING.app */;
			productType = "com.apple.product-type.application";
		};
/* End PBXNativeTarget section */

/* Begin PBXProject section */
		054787552AF7992100823463 /* Project object */ = {
			isa = PBXProject;
			attributes = {
				BuildIndependentTargetsInParallel = 1;
				LastSwiftUpdateCheck = 1430;
				LastUpgradeCheck = 1430;
				TargetAttributes = {
					0547875C2AF7992100823463 = {
						CreatedOnToolsVersion = 14.3;
					};
				};
			};
			buildConfigurationList = 054787582AF7992100823463 /* Build configuration list for PBXProject "COOING" */;
			compatibilityVersion = "Xcode 14.0";
			developmentRegion = en;
			hasScannedForEncodings = 0;
			knownRegions = (
				en,
				Base,
			);
			mainGroup = 054787542AF7992100823463;
			packageReferences = (
				054787A32AF7AFEA00823463 /* XCRemoteSwiftPackageReference "SnapKit" */,
				054787A62AF7AFF600823463 /* XCRemoteSwiftPackageReference "Then" */,
				7B82F2CB2B1B31AF005DDFC9 /* XCRemoteSwiftPackageReference "kakao-ios-sdk" */,
				7B82F2DA2B1B3A5F005DDFC9 /* XCRemoteSwiftPackageReference "realm-swift" */,
				7B543A9F2B1C80DB00F2A8FA /* XCRemoteSwiftPackageReference "Moya" */,
				0589FB392B1CCAC700D0CB7F /* XCRemoteSwiftPackageReference "Charts" */,
			);
			productRefGroup = 0547875E2AF7992100823463 /* Products */;
			projectDirPath = "";
			projectRoot = "";
			targets = (
				0547875C2AF7992100823463 /* COOING */,
			);
		};
/* End PBXProject section */

/* Begin PBXResourcesBuildPhase section */
		0547875B2AF7992100823463 /* Resources */ = {
			isa = PBXResourcesBuildPhase;
			buildActionMask = 2147483647;
			files = (
				0547879D2AF7ADAC00823463 /* SUITE-Medium.otf in Resources */,
				0547876D2AF7992300823463 /* LaunchScreen.storyboard in Resources */,
				0547876A2AF7992300823463 /* Assets.xcassets in Resources */,
				0547879E2AF7ADAC00823463 /* SUITE-SemiBold.otf in Resources */,
				0547879A2AF7AD9800823463 /* SUITE-ExtraBold.otf in Resources */,
				054787982AF7AD8D00823463 /* SUITE-Bold.otf in Resources */,
			);
			runOnlyForDeploymentPostprocessing = 0;
		};
/* End PBXResourcesBuildPhase section */

/* Begin PBXSourcesBuildPhase section */
		054787592AF7992100823463 /* Sources */ = {
			isa = PBXSourcesBuildPhase;
			buildActionMask = 2147483647;
			files = (
				7B2C759E2B19EB9400A6CE1A /* CommentViewController.swift in Sources */,
				7B543AA82B1C816800F2A8FA /* RealmService.swift in Sources */,
				054787CD2AF7BEA800823463 /* CooingTabBarController.swift in Sources */,
				0583D6982B1BB6B100A87981 /* LevelTableSectionFooterView.swift in Sources */,
				7B7DA3602B1D1E9A003E3A82 /* SetCooingInfoView.swift in Sources */,
				7B7DA34C2B1CCB68003E3A82 /* RecordCompleteViewController.swift in Sources */,
				7B7DA3472B1CC041003E3A82 /* GenericResponse.swift in Sources */,
				054787D52AF7C42500823463 /* Image.swift in Sources */,
				0583D66F2B19F1F100A87981 /* FrequentWordViewController.swift in Sources */,
				054787962AF7ACE700823463 /* UIStackView+.swift in Sources */,
				7B7DA35A2B1CEE03003E3A82 /* ClovaSpeechService.swift in Sources */,
				7B7DA34A2B1CC2B2003E3A82 /* UIWindow+.swift in Sources */,
				0589FB3E2B1CF6B200D0CB7F /* ReportTotalDTO.swift in Sources */,
				0583D6A02B1C6BC100A87981 /* HistoryView.swift in Sources */,
				7B7DA3452B1C9D1F003E3A82 /* IdentityTokenDTO.swift in Sources */,
				0589FB362B1CC04800D0CB7F /* UsingWordViewController.swift in Sources */,
				054787A22AF7AE6F00823463 /* UIFont+.swift in Sources */,
				7B7DA3512B1CE68F003E3A82 /* RecordRouter.swift in Sources */,
				7B7DA3652B1D553B003E3A82 /* QuestionDTO.swift in Sources */,
				7B7DA3562B1CE963003E3A82 /* CooingDefaultInfoDTO.swift in Sources */,
				054787942AF7ACD400823463 /* UIView+.swift in Sources */,
				7B2C759C2B19E8EE00A6CE1A /* UIViewController+.swift in Sources */,
				7B7DA3412B1C998E003E3A82 /* KakaoLoginRequestDTO.swift in Sources */,
				7B7DA34F2B1CE61A003E3A82 /* TodayRecordDTO.swift in Sources */,
				7B2C75A02B19EBF700A6CE1A /* CommentView.swift in Sources */,
				0589FB482B1CFDDE00D0CB7F /* InfoDTO.swift in Sources */,
				7B7DA3532B1CE927003E3A82 /* HomeRouter.swift in Sources */,
				7B3BC87B2AF894B8008EDF60 /* RecordViewController.swift in Sources */,
				0583D6A22B1C704400A87981 /* HistoryTableViewCell.swift in Sources */,
				054787D32AF7C2D700823463 /* UIButton+.swift in Sources */,
				7B3BC87D2AF894C1008EDF60 /* RecordView.swift in Sources */,
				0583D69C2B1BB79600A87981 /* LevelTableViewCellRightView.swift in Sources */,
				0583D6672B19C6E400A87981 /* Adjusted+.swift in Sources */,
				7B7DA35E2B1D1E71003E3A82 /* SetCooingInfoViewController.swift in Sources */,
				0583D6A42B1C70D500A87981 /* HistoryRightView.swift in Sources */,
				7B543A9C2B1C744A00F2A8FA /* LoginViewController.swift in Sources */,
				05B0BC382AF8127A0082E3EB /* QuestionViewController.swift in Sources */,
				7B543AAB2B1C81D800F2A8FA /* Token.swift in Sources */,
				054787C72AF7BE6100823463 /* MyPageViewController.swift in Sources */,
				7B7DA3392B1C8DC8003E3A82 /* Config.swift in Sources */,
				054787CB2AF7BE7C00823463 /* HistoryViewController.swift in Sources */,
				0583D6942B1BAEBB00A87981 /* LevelReportView.swift in Sources */,
				0589FB442B1CFABD00D0CB7F /* SecretNoteDTO.swift in Sources */,
				054787652AF7992100823463 /* HomeViewController.swift in Sources */,
				7B700EB72B2647E300473264 /* MyPageModel.swift in Sources */,
				05B0BC3A2AF815800082E3EB /* QuestionView.swift in Sources */,
				7B3BC87F2AF89AFC008EDF60 /* File.swift in Sources */,
				7B7DA33C2B1C90DA003E3A82 /* MoyaLoggerPlugin.swift in Sources */,
				0589FB422B1CF92700D0CB7F /* UsingWordDTO.swift in Sources */,
				7B2C759A2B19C7ED00A6CE1A /* TransformRecordView.swift in Sources */,
				0547878E2AF7ACA200823463 /* BaseViewController.swift in Sources */,
				054787D12AF7C29800823463 /* CooingButton.swift in Sources */,
				7B7DA3632B1D2228003E3A82 /* CooingInfoRouter.swift in Sources */,
				7B700EBE2B264CC000473264 /* ProvisionView.swift in Sources */,
				0583D6732B1A4A3B00A87981 /* FrequentWordView.swift in Sources */,
				054787A02AF7AE2F00823463 /* Font.swift in Sources */,
				054787922AF7ACBA00823463 /* BaseView.swift in Sources */,
				0583D66B2B19C7B500A87981 /* ReportUsingWordView.swift in Sources */,
				0583D68B2B1B91C000A87981 /* SecretNoteView.swift in Sources */,
				0583D6882B1B916100A87981 /* SecretNoteViewController.swift in Sources */,
				0583D6632B19BF5A00A87981 /* ReportView.swift in Sources */,
				7B700EB52B25D01200473264 /* MyPageServiceCell.swift in Sources */,
				7B7DA3432B1C9A98003E3A82 /* AuthRouter.swift in Sources */,
				05B0BC362AF7FE510082E3EB /* HomeView.swift in Sources */,
				0583D66D2B19C9F600A87981 /* ReportSecretNoteView.swift in Sources */,
				0583D68D2B1B93B400A87981 /* SecretNoteTableViewCell.swift in Sources */,
				054787C92AF7BE7400823463 /* ReportViewController.swift in Sources */,
				7B2C75982B19C7DC00A6CE1A /* TransformRecordViewController.swift in Sources */,
				0589FB382B1CC06600D0CB7F /* UsingWordView.swift in Sources */,
				054787612AF7992100823463 /* AppDelegate.swift in Sources */,
				7B7DA3672B1D5555003E3A82 /* QuestionRouter.swift in Sources */,
				0589FB462B1CFC7C00D0CB7F /* SecretNoteListDTO.swift in Sources */,
				7B7DA35C2B1D0258003E3A82 /* SpeechRecognitionResponse.swift in Sources */,
				054787632AF7992100823463 /* SceneDelegate.swift in Sources */,
				0589FB402B1CF75400D0CB7F /* ReportRouter.swift in Sources */,
				0583D6962B1BB54100A87981 /* LevelTableSectionHeaderView.swift in Sources */,
				7B700EB32B2468A200473264 /* MyPageView.swift in Sources */,
				7B700EBC2B264CAA00473264 /* ProvisionViewController.swift in Sources */,
				0583D6752B1A4A8100A87981 /* FrequentTableViewCell.swift in Sources */,
				0583D6772B1A4A9B00A87981 /* FrequentWordRightView.swift in Sources */,
				0583D6692B19C7A700A87981 /* ReportFrequentWordView.swift in Sources */,
				0583D6652B19C1A600A87981 /* ReportSummaryView.swift in Sources */,
				0583D69A2B1BB72500A87981 /* LevelTableViewCell.swift in Sources */,
				0583D6912B1BAC4700A87981 /* LevelReportViewController.swift in Sources */,
				7B700EBA2B26481C00473264 /* DataTypeProtocol.swift in Sources */,
				054787CF2AF7BEB800823463 /* CALayer+.swift in Sources */,
				054787AA2AF7B08100823463 /* UIColor+.swift in Sources */,
			);
			runOnlyForDeploymentPostprocessing = 0;
		};
/* End PBXSourcesBuildPhase section */

/* Begin PBXVariantGroup section */
		0547876B2AF7992300823463 /* LaunchScreen.storyboard */ = {
			isa = PBXVariantGroup;
			children = (
				0547876C2AF7992300823463 /* Base */,
			);
			name = LaunchScreen.storyboard;
			sourceTree = "<group>";
		};
/* End PBXVariantGroup section */

/* Begin XCBuildConfiguration section */
		0547876F2AF7992300823463 /* Debug */ = {
			isa = XCBuildConfiguration;
			buildSettings = {
				ALWAYS_SEARCH_USER_PATHS = NO;
				CLANG_ANALYZER_NONNULL = YES;
				CLANG_ANALYZER_NUMBER_OBJECT_CONVERSION = YES_AGGRESSIVE;
				CLANG_CXX_LANGUAGE_STANDARD = "gnu++20";
				CLANG_ENABLE_MODULES = YES;
				CLANG_ENABLE_OBJC_ARC = YES;
				CLANG_ENABLE_OBJC_WEAK = YES;
				CLANG_WARN_BLOCK_CAPTURE_AUTORELEASING = YES;
				CLANG_WARN_BOOL_CONVERSION = YES;
				CLANG_WARN_COMMA = YES;
				CLANG_WARN_CONSTANT_CONVERSION = YES;
				CLANG_WARN_DEPRECATED_OBJC_IMPLEMENTATIONS = YES;
				CLANG_WARN_DIRECT_OBJC_ISA_USAGE = YES_ERROR;
				CLANG_WARN_DOCUMENTATION_COMMENTS = YES;
				CLANG_WARN_EMPTY_BODY = YES;
				CLANG_WARN_ENUM_CONVERSION = YES;
				CLANG_WARN_INFINITE_RECURSION = YES;
				CLANG_WARN_INT_CONVERSION = YES;
				CLANG_WARN_NON_LITERAL_NULL_CONVERSION = YES;
				CLANG_WARN_OBJC_IMPLICIT_RETAIN_SELF = YES;
				CLANG_WARN_OBJC_LITERAL_CONVERSION = YES;
				CLANG_WARN_OBJC_ROOT_CLASS = YES_ERROR;
				CLANG_WARN_QUOTED_INCLUDE_IN_FRAMEWORK_HEADER = YES;
				CLANG_WARN_RANGE_LOOP_ANALYSIS = YES;
				CLANG_WARN_STRICT_PROTOTYPES = YES;
				CLANG_WARN_SUSPICIOUS_MOVE = YES;
				CLANG_WARN_UNGUARDED_AVAILABILITY = YES_AGGRESSIVE;
				CLANG_WARN_UNREACHABLE_CODE = YES;
				CLANG_WARN__DUPLICATE_METHOD_MATCH = YES;
				COPY_PHASE_STRIP = NO;
				DEBUG_INFORMATION_FORMAT = dwarf;
				ENABLE_STRICT_OBJC_MSGSEND = YES;
				ENABLE_TESTABILITY = YES;
				GCC_C_LANGUAGE_STANDARD = gnu11;
				GCC_DYNAMIC_NO_PIC = NO;
				GCC_NO_COMMON_BLOCKS = YES;
				GCC_OPTIMIZATION_LEVEL = 0;
				GCC_PREPROCESSOR_DEFINITIONS = (
					"DEBUG=1",
					"$(inherited)",
				);
				GCC_WARN_64_TO_32_BIT_CONVERSION = YES;
				GCC_WARN_ABOUT_RETURN_TYPE = YES_ERROR;
				GCC_WARN_UNDECLARED_SELECTOR = YES;
				GCC_WARN_UNINITIALIZED_AUTOS = YES_AGGRESSIVE;
				GCC_WARN_UNUSED_FUNCTION = YES;
				GCC_WARN_UNUSED_VARIABLE = YES;
				IPHONEOS_DEPLOYMENT_TARGET = 16.4;
				MTL_ENABLE_DEBUG_INFO = INCLUDE_SOURCE;
				MTL_FAST_MATH = YES;
				ONLY_ACTIVE_ARCH = YES;
				SDKROOT = iphoneos;
				SWIFT_ACTIVE_COMPILATION_CONDITIONS = DEBUG;
				SWIFT_OPTIMIZATION_LEVEL = "-Onone";
			};
			name = Debug;
		};
		054787702AF7992300823463 /* Release */ = {
			isa = XCBuildConfiguration;
			buildSettings = {
				ALWAYS_SEARCH_USER_PATHS = NO;
				CLANG_ANALYZER_NONNULL = YES;
				CLANG_ANALYZER_NUMBER_OBJECT_CONVERSION = YES_AGGRESSIVE;
				CLANG_CXX_LANGUAGE_STANDARD = "gnu++20";
				CLANG_ENABLE_MODULES = YES;
				CLANG_ENABLE_OBJC_ARC = YES;
				CLANG_ENABLE_OBJC_WEAK = YES;
				CLANG_WARN_BLOCK_CAPTURE_AUTORELEASING = YES;
				CLANG_WARN_BOOL_CONVERSION = YES;
				CLANG_WARN_COMMA = YES;
				CLANG_WARN_CONSTANT_CONVERSION = YES;
				CLANG_WARN_DEPRECATED_OBJC_IMPLEMENTATIONS = YES;
				CLANG_WARN_DIRECT_OBJC_ISA_USAGE = YES_ERROR;
				CLANG_WARN_DOCUMENTATION_COMMENTS = YES;
				CLANG_WARN_EMPTY_BODY = YES;
				CLANG_WARN_ENUM_CONVERSION = YES;
				CLANG_WARN_INFINITE_RECURSION = YES;
				CLANG_WARN_INT_CONVERSION = YES;
				CLANG_WARN_NON_LITERAL_NULL_CONVERSION = YES;
				CLANG_WARN_OBJC_IMPLICIT_RETAIN_SELF = YES;
				CLANG_WARN_OBJC_LITERAL_CONVERSION = YES;
				CLANG_WARN_OBJC_ROOT_CLASS = YES_ERROR;
				CLANG_WARN_QUOTED_INCLUDE_IN_FRAMEWORK_HEADER = YES;
				CLANG_WARN_RANGE_LOOP_ANALYSIS = YES;
				CLANG_WARN_STRICT_PROTOTYPES = YES;
				CLANG_WARN_SUSPICIOUS_MOVE = YES;
				CLANG_WARN_UNGUARDED_AVAILABILITY = YES_AGGRESSIVE;
				CLANG_WARN_UNREACHABLE_CODE = YES;
				CLANG_WARN__DUPLICATE_METHOD_MATCH = YES;
				COPY_PHASE_STRIP = NO;
				DEBUG_INFORMATION_FORMAT = "dwarf-with-dsym";
				ENABLE_NS_ASSERTIONS = NO;
				ENABLE_STRICT_OBJC_MSGSEND = YES;
				GCC_C_LANGUAGE_STANDARD = gnu11;
				GCC_NO_COMMON_BLOCKS = YES;
				GCC_WARN_64_TO_32_BIT_CONVERSION = YES;
				GCC_WARN_ABOUT_RETURN_TYPE = YES_ERROR;
				GCC_WARN_UNDECLARED_SELECTOR = YES;
				GCC_WARN_UNINITIALIZED_AUTOS = YES_AGGRESSIVE;
				GCC_WARN_UNUSED_FUNCTION = YES;
				GCC_WARN_UNUSED_VARIABLE = YES;
				IPHONEOS_DEPLOYMENT_TARGET = 16.4;
				MTL_ENABLE_DEBUG_INFO = NO;
				MTL_FAST_MATH = YES;
				SDKROOT = iphoneos;
				SWIFT_COMPILATION_MODE = wholemodule;
				SWIFT_OPTIMIZATION_LEVEL = "-O";
				VALIDATE_PRODUCT = YES;
			};
			name = Release;
		};
		054787722AF7992300823463 /* Debug */ = {
			isa = XCBuildConfiguration;
			buildSettings = {
				ASSETCATALOG_COMPILER_APPICON_NAME = AppIcon;
				ASSETCATALOG_COMPILER_GLOBAL_ACCENT_COLOR_NAME = AccentColor;
				BASE_URL = "https://cooing-server-unexpected-bandicoot-sr.apps.sys.paas-ta-dev10.kr";
				CODE_SIGN_STYLE = Automatic;
				CURRENT_PROJECT_VERSION = 1;
				GENERATE_INFOPLIST_FILE = YES;
				INFOPLIST_FILE = COOING/Info.plist;
				INFOPLIST_KEY_UIApplicationSupportsIndirectInputEvents = YES;
				INFOPLIST_KEY_UILaunchStoryboardName = LaunchScreen;
				INFOPLIST_KEY_UISupportedInterfaceOrientations_iPad = "UIInterfaceOrientationPortrait UIInterfaceOrientationPortraitUpsideDown UIInterfaceOrientationLandscapeLeft UIInterfaceOrientationLandscapeRight";
				INFOPLIST_KEY_UISupportedInterfaceOrientations_iPhone = "UIInterfaceOrientationPortrait UIInterfaceOrientationLandscapeLeft UIInterfaceOrientationLandscapeRight";
				LD_RUNPATH_SEARCH_PATHS = (
					"$(inherited)",
					"@executable_path/Frameworks",
				);
				MARKETING_VERSION = 1.0;
				PRODUCT_BUNDLE_IDENTIFIER = com.YUNBINN.COOING;
				PRODUCT_NAME = "$(TARGET_NAME)";
				SWIFT_EMIT_LOC_STRINGS = YES;
				SWIFT_VERSION = 5.0;
				TARGETED_DEVICE_FAMILY = "1,2";
			};
			name = Debug;
		};
		054787732AF7992300823463 /* Release */ = {
			isa = XCBuildConfiguration;
			buildSettings = {
				ASSETCATALOG_COMPILER_APPICON_NAME = AppIcon;
				ASSETCATALOG_COMPILER_GLOBAL_ACCENT_COLOR_NAME = AccentColor;
				BASE_URL = "https://cooing-server-unexpected-bandicoot-sr.apps.sys.paas-ta-dev10.kr";
				CODE_SIGN_STYLE = Automatic;
				CURRENT_PROJECT_VERSION = 1;
				GENERATE_INFOPLIST_FILE = YES;
				INFOPLIST_FILE = COOING/Info.plist;
				INFOPLIST_KEY_UIApplicationSupportsIndirectInputEvents = YES;
				INFOPLIST_KEY_UILaunchStoryboardName = LaunchScreen;
				INFOPLIST_KEY_UISupportedInterfaceOrientations_iPad = "UIInterfaceOrientationPortrait UIInterfaceOrientationPortraitUpsideDown UIInterfaceOrientationLandscapeLeft UIInterfaceOrientationLandscapeRight";
				INFOPLIST_KEY_UISupportedInterfaceOrientations_iPhone = "UIInterfaceOrientationPortrait UIInterfaceOrientationLandscapeLeft UIInterfaceOrientationLandscapeRight";
				LD_RUNPATH_SEARCH_PATHS = (
					"$(inherited)",
					"@executable_path/Frameworks",
				);
				MARKETING_VERSION = 1.0;
				PRODUCT_BUNDLE_IDENTIFIER = com.YUNBINN.COOING;
				PRODUCT_NAME = "$(TARGET_NAME)";
				SWIFT_EMIT_LOC_STRINGS = YES;
				SWIFT_VERSION = 5.0;
				TARGETED_DEVICE_FAMILY = "1,2";
			};
			name = Release;
		};
/* End XCBuildConfiguration section */

/* Begin XCConfigurationList section */
		054787582AF7992100823463 /* Build configuration list for PBXProject "COOING" */ = {
			isa = XCConfigurationList;
			buildConfigurations = (
				0547876F2AF7992300823463 /* Debug */,
				054787702AF7992300823463 /* Release */,
			);
			defaultConfigurationIsVisible = 0;
			defaultConfigurationName = Release;
		};
		054787712AF7992300823463 /* Build configuration list for PBXNativeTarget "COOING" */ = {
			isa = XCConfigurationList;
			buildConfigurations = (
				054787722AF7992300823463 /* Debug */,
				054787732AF7992300823463 /* Release */,
			);
			defaultConfigurationIsVisible = 0;
			defaultConfigurationName = Release;
		};
/* End XCConfigurationList section */

/* Begin XCRemoteSwiftPackageReference section */
		054787A32AF7AFEA00823463 /* XCRemoteSwiftPackageReference "SnapKit" */ = {
			isa = XCRemoteSwiftPackageReference;
			repositoryURL = "https://github.com/SnapKit/SnapKit.git";
			requirement = {
				kind = upToNextMajorVersion;
				minimumVersion = 5.0.0;
			};
		};
		054787A62AF7AFF600823463 /* XCRemoteSwiftPackageReference "Then" */ = {
			isa = XCRemoteSwiftPackageReference;
			repositoryURL = "https://github.com/devxoul/Then";
			requirement = {
				kind = upToNextMajorVersion;
				minimumVersion = 3.0.0;
			};
		};
		0589FB392B1CCAC700D0CB7F /* XCRemoteSwiftPackageReference "Charts" */ = {
			isa = XCRemoteSwiftPackageReference;
			repositoryURL = "https://github.com/danielgindi/Charts.git";
			requirement = {
				kind = upToNextMajorVersion;
				minimumVersion = 5.0.0;
			};
		};
		7B543A9F2B1C80DB00F2A8FA /* XCRemoteSwiftPackageReference "Moya" */ = {
			isa = XCRemoteSwiftPackageReference;
			repositoryURL = "https://github.com/Moya/Moya.git";
			requirement = {
				kind = upToNextMajorVersion;
				minimumVersion = 15.0.3;
			};
		};
		7B82F2CB2B1B31AF005DDFC9 /* XCRemoteSwiftPackageReference "kakao-ios-sdk" */ = {
			isa = XCRemoteSwiftPackageReference;
			repositoryURL = "https://github.com/kakao/kakao-ios-sdk";
			requirement = {
				kind = upToNextMajorVersion;
				minimumVersion = 2.19.0;
			};
		};
		7B82F2DA2B1B3A5F005DDFC9 /* XCRemoteSwiftPackageReference "realm-swift" */ = {
			isa = XCRemoteSwiftPackageReference;
			repositoryURL = "https://github.com/realm/realm-swift.git";
			requirement = {
				branch = master;
				kind = branch;
			};
		};
/* End XCRemoteSwiftPackageReference section */

/* Begin XCSwiftPackageProductDependency section */
		054787A42AF7AFEA00823463 /* SnapKit */ = {
			isa = XCSwiftPackageProductDependency;
			package = 054787A32AF7AFEA00823463 /* XCRemoteSwiftPackageReference "SnapKit" */;
			productName = SnapKit;
		};
		054787A72AF7AFF600823463 /* Then */ = {
			isa = XCSwiftPackageProductDependency;
			package = 054787A62AF7AFF600823463 /* XCRemoteSwiftPackageReference "Then" */;
			productName = Then;
		};
		0589FB3A2B1CCAC800D0CB7F /* DGCharts */ = {
			isa = XCSwiftPackageProductDependency;
			package = 0589FB392B1CCAC700D0CB7F /* XCRemoteSwiftPackageReference "Charts" */;
			productName = DGCharts;
		};
		7B543AA02B1C80DB00F2A8FA /* Moya */ = {
			isa = XCSwiftPackageProductDependency;
			package = 7B543A9F2B1C80DB00F2A8FA /* XCRemoteSwiftPackageReference "Moya" */;
			productName = Moya;
		};
		7B543AA22B1C80DB00F2A8FA /* ReactiveMoya */ = {
			isa = XCSwiftPackageProductDependency;
			package = 7B543A9F2B1C80DB00F2A8FA /* XCRemoteSwiftPackageReference "Moya" */;
			productName = ReactiveMoya;
		};
		7B543AA42B1C80DB00F2A8FA /* RxMoya */ = {
			isa = XCSwiftPackageProductDependency;
			package = 7B543A9F2B1C80DB00F2A8FA /* XCRemoteSwiftPackageReference "Moya" */;
			productName = RxMoya;
		};
		7B82F2CC2B1B31AF005DDFC9 /* KakaoSDKAuth */ = {
			isa = XCSwiftPackageProductDependency;
			package = 7B82F2CB2B1B31AF005DDFC9 /* XCRemoteSwiftPackageReference "kakao-ios-sdk" */;
			productName = KakaoSDKAuth;
		};
		7B82F2CE2B1B31AF005DDFC9 /* KakaoSDKCommon */ = {
			isa = XCSwiftPackageProductDependency;
			package = 7B82F2CB2B1B31AF005DDFC9 /* XCRemoteSwiftPackageReference "kakao-ios-sdk" */;
			productName = KakaoSDKCommon;
		};
		7B82F2D02B1B31AF005DDFC9 /* KakaoSDKUser */ = {
			isa = XCSwiftPackageProductDependency;
			package = 7B82F2CB2B1B31AF005DDFC9 /* XCRemoteSwiftPackageReference "kakao-ios-sdk" */;
			productName = KakaoSDKUser;
		};
		7B82F2DB2B1B3A5F005DDFC9 /* Realm */ = {
			isa = XCSwiftPackageProductDependency;
			package = 7B82F2DA2B1B3A5F005DDFC9 /* XCRemoteSwiftPackageReference "realm-swift" */;
			productName = Realm;
		};
		7B82F2DD2B1B3A5F005DDFC9 /* RealmSwift */ = {
			isa = XCSwiftPackageProductDependency;
			package = 7B82F2DA2B1B3A5F005DDFC9 /* XCRemoteSwiftPackageReference "realm-swift" */;
			productName = RealmSwift;
		};
/* End XCSwiftPackageProductDependency section */
	};
	rootObject = 054787552AF7992100823463 /* Project object */;
}
